
Microsoft Visual Studio Solution File, Format Version 12.00
# Visual Studio 14
VisualStudioVersion = 14.0.24720.0
MinimumVisualStudioVersion = 10.0.40219.1
Project("{F184B08F-C81C-45F6-A57F-5ABD9991F28F}") = "HPSI_GOOGLECALENDAR", "HSPI_GOOGLECALENDAR\HPSI_GOOGLECALENDAR.vbproj", "{FC1DBBAE-E67A-44D9-8BC3-D26968B051EC}"
EndProject
Project("{F184B08F-C81C-45F6-A57F-5ABD9991F28F}") = "HPSI_FMI", "HSPI_FMI\HPSI_FMI.vbproj", "{5D3A00B9-3EA2-4220-BA80-AC1322C15882}"
EndProject
Project("{F184B08F-C81C-45F6-A57F-5ABD9991F28F}") = "HSPI_1WIRE", "HSPI_1WIRE\HSPI_1WIRE.vbproj", "{8BB36BE2-A9BE-4F3C-BC97-FEC2C720CF47}"
EndProject
Project("{F184B08F-C81C-45F6-A57F-5ABD9991F28F}") = "HPSI_HOMEPLAN", "HSPI_HOMEPLAN\HPSI_HOMEPLAN.vbproj", "{C6AA9B7B-D35E-4178-A6A0-4B917F22DBA9}"
EndProject
Project("{F184B08F-C81C-45F6-A57F-5ABD9991F28F}") = "HSPI_SAMPLE", "HSPI_SAMPLE\HSPI_SAMPLE.vbproj", "{F7A35F28-7139-4D58-A03A-031BD2E8C1C2}"
EndProject
Project("{F184B08F-C81C-45F6-A57F-5ABD9991F28F}") = "HSPI_Log2DB", "HSPI_Log2DB\HSPI_Log2DB.vbproj", "{1FD7DF0E-76CF-4B82-B31C-A21D60B006EF}"
EndProject
Project("{F184B08F-C81C-45F6-A57F-5ABD9991F28F}") = "HPSI_thermostat", "HSPI_THERMOSTAT\HPSI_thermostat.vbproj", "{FB4D0409-419B-463A-939B-17390DB0E4B6}"
EndProject
Project("{F184B08F-C81C-45F6-A57F-5ABD9991F28F}") = "HSPI_VOLETS", "HSPI_VOLETS\HSPI_VOLETS.vbproj", "{A3B6D762-301C-41C3-8C70-1924E89BA9A5}"
EndProject
Project("{F184B08F-C81C-45F6-A57F-5ABD9991F28F}") = "HSPI_IDUAL", "HSPI_IDUAL\HSPI_IDUAL.vbproj", "{002E3118-D70E-4823-A7BC-DA42C2DB81D8}"
EndProject
Project("{F184B08F-C81C-45F6-A57F-5ABD9991F28F}") = "HSPI_SMS", "HSPI_SMS\HSPI_SMS.vbproj", "{4D6FACCA-9309-480B-9952-6827CE6548ED}"
EndProject
Project("{F184B08F-C81C-45F6-A57F-5ABD9991F28F}") = "HPSI_SARAH", "HSPI_SARAH\HPSI_SARAH.vbproj", "{D2AFDEFF-7EBA-484D-8FEF-3093EB03EA00}"
EndProject
Project("{F184B08F-C81C-45F6-A57F-5ABD9991F28F}") = "HSPI_POKEMAP", "HSPI_POKEMAP\HSPI_POKEMAP.vbproj", "{5B765209-8B2A-4379-8C61-CBFEA0A1BCA7}"
	ProjectSection(ProjectDependencies) = postProject
		{34A424D7-E065-49D7-983F-5C33584348A5} = {34A424D7-E065-49D7-983F-5C33584348A5}
	EndProjectSection
EndProject
Project("{F184B08F-C81C-45F6-A57F-5ABD9991F28F}") = "HSPIUtils", "HSPIUtils\HSPIUtils.vbproj", "{34A424D7-E065-49D7-983F-5C33584348A5}"
EndProject
Global
	GlobalSection(SolutionConfigurationPlatforms) = preSolution
		Debug|Any CPU = Debug|Any CPU
		Debug|x64 = Debug|x64
		Debug|x86 = Debug|x86
		HTZEES2|Any CPU = HTZEES2|Any CPU
		HTZEES2|x64 = HTZEES2|x64
		HTZEES2|x86 = HTZEES2|x86
		HTZEES2ASCII|Any CPU = HTZEES2ASCII|Any CPU
		HTZEES2ASCII|x64 = HTZEES2ASCII|x64
		HTZEES2ASCII|x86 = HTZEES2ASCII|x86
		Linux Debug|Any CPU = Linux Debug|Any CPU
		Linux Debug|x64 = Linux Debug|x64
		Linux Debug|x86 = Linux Debug|x86
		Linux Release SEL|Any CPU = Linux Release SEL|Any CPU
		Linux Release SEL|x64 = Linux Release SEL|x64
		Linux Release SEL|x86 = Linux Release SEL|x86
		Linux Release|Any CPU = Linux Release|Any CPU
		Linux Release|x64 = Linux Release|x64
		Linux Release|x86 = Linux Release|x86
		Linux Zee Debug|Any CPU = Linux Zee Debug|Any CPU
		Linux Zee Debug|x64 = Linux Zee Debug|x64
		Linux Zee Debug|x86 = Linux Zee Debug|x86
		Linux Zee Plus Release|Any CPU = Linux Zee Plus Release|Any CPU
		Linux Zee Plus Release|x64 = Linux Zee Plus Release|x64
		Linux Zee Plus Release|x86 = Linux Zee Plus Release|x86
		Linux Zee Release ASCII|Any CPU = Linux Zee Release ASCII|Any CPU
		Linux Zee Release ASCII|x64 = Linux Zee Release ASCII|x64
		Linux Zee Release ASCII|x86 = Linux Zee Release ASCII|x86
		Linux Zee Release|Any CPU = Linux Zee Release|Any CPU
		Linux Zee Release|x64 = Linux Zee Release|x64
		Linux Zee Release|x86 = Linux Zee Release|x86
		Linux ZeePlus Release|Any CPU = Linux ZeePlus Release|Any CPU
		Linux ZeePlus Release|x64 = Linux ZeePlus Release|x64
		Linux ZeePlus Release|x86 = Linux ZeePlus Release|x86
		Release|Any CPU = Release|Any CPU
		Release|x64 = Release|x64
		Release|x86 = Release|x86
	EndGlobalSection
	GlobalSection(ProjectConfigurationPlatforms) = postSolution
		{FC1DBBAE-E67A-44D9-8BC3-D26968B051EC}.Debug|Any CPU.ActiveCfg = Debug|x86
		{FC1DBBAE-E67A-44D9-8BC3-D26968B051EC}.Debug|Any CPU.Build.0 = Debug|x86
		{FC1DBBAE-E67A-44D9-8BC3-D26968B051EC}.Debug|x64.ActiveCfg = Debug|x64
		{FC1DBBAE-E67A-44D9-8BC3-D26968B051EC}.Debug|x64.Build.0 = Debug|x64
		{FC1DBBAE-E67A-44D9-8BC3-D26968B051EC}.Debug|x86.ActiveCfg = Debug|x86
		{FC1DBBAE-E67A-44D9-8BC3-D26968B051EC}.Debug|x86.Build.0 = Debug|x86
		{FC1DBBAE-E67A-44D9-8BC3-D26968B051EC}.HTZEES2|Any CPU.ActiveCfg = Debug|Any CPU
		{FC1DBBAE-E67A-44D9-8BC3-D26968B051EC}.HTZEES2|Any CPU.Build.0 = Debug|Any CPU
		{FC1DBBAE-E67A-44D9-8BC3-D26968B051EC}.HTZEES2|x64.ActiveCfg = Release|x64
		{FC1DBBAE-E67A-44D9-8BC3-D26968B051EC}.HTZEES2|x64.Build.0 = Release|x64
		{FC1DBBAE-E67A-44D9-8BC3-D26968B051EC}.HTZEES2|x86.ActiveCfg = Release|x86
		{FC1DBBAE-E67A-44D9-8BC3-D26968B051EC}.HTZEES2|x86.Build.0 = Release|x86
		{FC1DBBAE-E67A-44D9-8BC3-D26968B051EC}.HTZEES2ASCII|Any CPU.ActiveCfg = Debug|Any CPU
		{FC1DBBAE-E67A-44D9-8BC3-D26968B051EC}.HTZEES2ASCII|Any CPU.Build.0 = Debug|Any CPU
		{FC1DBBAE-E67A-44D9-8BC3-D26968B051EC}.HTZEES2ASCII|x64.ActiveCfg = Release|x64
		{FC1DBBAE-E67A-44D9-8BC3-D26968B051EC}.HTZEES2ASCII|x64.Build.0 = Release|x64
		{FC1DBBAE-E67A-44D9-8BC3-D26968B051EC}.HTZEES2ASCII|x86.ActiveCfg = Release|x86
		{FC1DBBAE-E67A-44D9-8BC3-D26968B051EC}.HTZEES2ASCII|x86.Build.0 = Release|x86
		{FC1DBBAE-E67A-44D9-8BC3-D26968B051EC}.Linux Debug|Any CPU.ActiveCfg = Linux Debug|Any CPU
		{FC1DBBAE-E67A-44D9-8BC3-D26968B051EC}.Linux Debug|Any CPU.Build.0 = Linux Debug|Any CPU
		{FC1DBBAE-E67A-44D9-8BC3-D26968B051EC}.Linux Debug|x64.ActiveCfg = Linux Debug|x64
		{FC1DBBAE-E67A-44D9-8BC3-D26968B051EC}.Linux Debug|x64.Build.0 = Linux Debug|x64
		{FC1DBBAE-E67A-44D9-8BC3-D26968B051EC}.Linux Debug|x86.ActiveCfg = Linux Debug|x86
		{FC1DBBAE-E67A-44D9-8BC3-D26968B051EC}.Linux Debug|x86.Build.0 = Linux Debug|x86
		{FC1DBBAE-E67A-44D9-8BC3-D26968B051EC}.Linux Release SEL|Any CPU.ActiveCfg = Linux Release|Any CPU
		{FC1DBBAE-E67A-44D9-8BC3-D26968B051EC}.Linux Release SEL|Any CPU.Build.0 = Linux Release|Any CPU
		{FC1DBBAE-E67A-44D9-8BC3-D26968B051EC}.Linux Release SEL|x64.ActiveCfg = Linux Release|x64
		{FC1DBBAE-E67A-44D9-8BC3-D26968B051EC}.Linux Release SEL|x64.Build.0 = Linux Release|x64
		{FC1DBBAE-E67A-44D9-8BC3-D26968B051EC}.Linux Release SEL|x86.ActiveCfg = Linux Release|x86
		{FC1DBBAE-E67A-44D9-8BC3-D26968B051EC}.Linux Release SEL|x86.Build.0 = Linux Release|x86
		{FC1DBBAE-E67A-44D9-8BC3-D26968B051EC}.Linux Release|Any CPU.ActiveCfg = Linux Release|Any CPU
		{FC1DBBAE-E67A-44D9-8BC3-D26968B051EC}.Linux Release|Any CPU.Build.0 = Linux Release|Any CPU
		{FC1DBBAE-E67A-44D9-8BC3-D26968B051EC}.Linux Release|x64.ActiveCfg = Linux Release|x64
		{FC1DBBAE-E67A-44D9-8BC3-D26968B051EC}.Linux Release|x64.Build.0 = Linux Release|x64
		{FC1DBBAE-E67A-44D9-8BC3-D26968B051EC}.Linux Release|x86.ActiveCfg = Linux Release|x86
		{FC1DBBAE-E67A-44D9-8BC3-D26968B051EC}.Linux Release|x86.Build.0 = Linux Release|x86
		{FC1DBBAE-E67A-44D9-8BC3-D26968B051EC}.Linux Zee Debug|Any CPU.ActiveCfg = Linux Zee Debug|Any CPU
		{FC1DBBAE-E67A-44D9-8BC3-D26968B051EC}.Linux Zee Debug|Any CPU.Build.0 = Linux Zee Debug|Any CPU
		{FC1DBBAE-E67A-44D9-8BC3-D26968B051EC}.Linux Zee Debug|x64.ActiveCfg = Linux Zee Debug|x64
		{FC1DBBAE-E67A-44D9-8BC3-D26968B051EC}.Linux Zee Debug|x64.Build.0 = Linux Zee Debug|x64
		{FC1DBBAE-E67A-44D9-8BC3-D26968B051EC}.Linux Zee Debug|x86.ActiveCfg = Linux Zee Debug|x86
		{FC1DBBAE-E67A-44D9-8BC3-D26968B051EC}.Linux Zee Debug|x86.Build.0 = Linux Zee Debug|x86
		{FC1DBBAE-E67A-44D9-8BC3-D26968B051EC}.Linux Zee Plus Release|Any CPU.ActiveCfg = Linux Zee Release|Any CPU
		{FC1DBBAE-E67A-44D9-8BC3-D26968B051EC}.Linux Zee Plus Release|Any CPU.Build.0 = Linux Zee Release|Any CPU
		{FC1DBBAE-E67A-44D9-8BC3-D26968B051EC}.Linux Zee Plus Release|x64.ActiveCfg = Linux Zee Release|x64
		{FC1DBBAE-E67A-44D9-8BC3-D26968B051EC}.Linux Zee Plus Release|x64.Build.0 = Linux Zee Release|x64
		{FC1DBBAE-E67A-44D9-8BC3-D26968B051EC}.Linux Zee Plus Release|x86.ActiveCfg = Linux Zee Release|x86
		{FC1DBBAE-E67A-44D9-8BC3-D26968B051EC}.Linux Zee Plus Release|x86.Build.0 = Linux Zee Release|x86
		{FC1DBBAE-E67A-44D9-8BC3-D26968B051EC}.Linux Zee Release ASCII|Any CPU.ActiveCfg = Linux Zee Release|Any CPU
		{FC1DBBAE-E67A-44D9-8BC3-D26968B051EC}.Linux Zee Release ASCII|Any CPU.Build.0 = Linux Zee Release|Any CPU
		{FC1DBBAE-E67A-44D9-8BC3-D26968B051EC}.Linux Zee Release ASCII|x64.ActiveCfg = Linux Zee Release|x64
		{FC1DBBAE-E67A-44D9-8BC3-D26968B051EC}.Linux Zee Release ASCII|x64.Build.0 = Linux Zee Release|x64
		{FC1DBBAE-E67A-44D9-8BC3-D26968B051EC}.Linux Zee Release ASCII|x86.ActiveCfg = Linux Zee Release|x86
		{FC1DBBAE-E67A-44D9-8BC3-D26968B051EC}.Linux Zee Release ASCII|x86.Build.0 = Linux Zee Release|x86
		{FC1DBBAE-E67A-44D9-8BC3-D26968B051EC}.Linux Zee Release|Any CPU.ActiveCfg = Linux Zee Release|Any CPU
		{FC1DBBAE-E67A-44D9-8BC3-D26968B051EC}.Linux Zee Release|Any CPU.Build.0 = Linux Zee Release|Any CPU
		{FC1DBBAE-E67A-44D9-8BC3-D26968B051EC}.Linux Zee Release|x64.ActiveCfg = Linux Zee Release|x64
		{FC1DBBAE-E67A-44D9-8BC3-D26968B051EC}.Linux Zee Release|x64.Build.0 = Linux Zee Release|x64
		{FC1DBBAE-E67A-44D9-8BC3-D26968B051EC}.Linux Zee Release|x86.ActiveCfg = Linux Zee Release|x86
		{FC1DBBAE-E67A-44D9-8BC3-D26968B051EC}.Linux Zee Release|x86.Build.0 = Linux Zee Release|x86
		{FC1DBBAE-E67A-44D9-8BC3-D26968B051EC}.Linux ZeePlus Release|Any CPU.ActiveCfg = Linux Zee Release|Any CPU
		{FC1DBBAE-E67A-44D9-8BC3-D26968B051EC}.Linux ZeePlus Release|Any CPU.Build.0 = Linux Zee Release|Any CPU
		{FC1DBBAE-E67A-44D9-8BC3-D26968B051EC}.Linux ZeePlus Release|x64.ActiveCfg = Linux Zee Release|x64
		{FC1DBBAE-E67A-44D9-8BC3-D26968B051EC}.Linux ZeePlus Release|x64.Build.0 = Linux Zee Release|x64
		{FC1DBBAE-E67A-44D9-8BC3-D26968B051EC}.Linux ZeePlus Release|x86.ActiveCfg = Linux Zee Release|x86
		{FC1DBBAE-E67A-44D9-8BC3-D26968B051EC}.Linux ZeePlus Release|x86.Build.0 = Linux Zee Release|x86
		{FC1DBBAE-E67A-44D9-8BC3-D26968B051EC}.Release|Any CPU.ActiveCfg = Release|Any CPU
		{FC1DBBAE-E67A-44D9-8BC3-D26968B051EC}.Release|Any CPU.Build.0 = Release|Any CPU
		{FC1DBBAE-E67A-44D9-8BC3-D26968B051EC}.Release|x64.ActiveCfg = Release|x64
		{FC1DBBAE-E67A-44D9-8BC3-D26968B051EC}.Release|x64.Build.0 = Release|x64
		{FC1DBBAE-E67A-44D9-8BC3-D26968B051EC}.Release|x86.ActiveCfg = Release|x86
		{FC1DBBAE-E67A-44D9-8BC3-D26968B051EC}.Release|x86.Build.0 = Release|x86
		{5D3A00B9-3EA2-4220-BA80-AC1322C15882}.Debug|Any CPU.ActiveCfg = Debug|Any CPU
		{5D3A00B9-3EA2-4220-BA80-AC1322C15882}.Debug|Any CPU.Build.0 = Debug|Any CPU
		{5D3A00B9-3EA2-4220-BA80-AC1322C15882}.Debug|x64.ActiveCfg = Debug|x64
		{5D3A00B9-3EA2-4220-BA80-AC1322C15882}.Debug|x64.Build.0 = Debug|x64
		{5D3A00B9-3EA2-4220-BA80-AC1322C15882}.Debug|x86.ActiveCfg = Debug|x86
		{5D3A00B9-3EA2-4220-BA80-AC1322C15882}.Debug|x86.Build.0 = Debug|x86
		{5D3A00B9-3EA2-4220-BA80-AC1322C15882}.HTZEES2|Any CPU.ActiveCfg = Release|Any CPU
		{5D3A00B9-3EA2-4220-BA80-AC1322C15882}.HTZEES2|Any CPU.Build.0 = Release|Any CPU
		{5D3A00B9-3EA2-4220-BA80-AC1322C15882}.HTZEES2|x64.ActiveCfg = Release|x64
		{5D3A00B9-3EA2-4220-BA80-AC1322C15882}.HTZEES2|x64.Build.0 = Release|x64
		{5D3A00B9-3EA2-4220-BA80-AC1322C15882}.HTZEES2|x86.ActiveCfg = Release|x86
		{5D3A00B9-3EA2-4220-BA80-AC1322C15882}.HTZEES2|x86.Build.0 = Release|x86
		{5D3A00B9-3EA2-4220-BA80-AC1322C15882}.HTZEES2ASCII|Any CPU.ActiveCfg = Release|Any CPU
		{5D3A00B9-3EA2-4220-BA80-AC1322C15882}.HTZEES2ASCII|Any CPU.Build.0 = Release|Any CPU
		{5D3A00B9-3EA2-4220-BA80-AC1322C15882}.HTZEES2ASCII|x64.ActiveCfg = Release|x64
		{5D3A00B9-3EA2-4220-BA80-AC1322C15882}.HTZEES2ASCII|x64.Build.0 = Release|x64
		{5D3A00B9-3EA2-4220-BA80-AC1322C15882}.HTZEES2ASCII|x86.ActiveCfg = Release|x86
		{5D3A00B9-3EA2-4220-BA80-AC1322C15882}.HTZEES2ASCII|x86.Build.0 = Release|x86
		{5D3A00B9-3EA2-4220-BA80-AC1322C15882}.Linux Debug|Any CPU.ActiveCfg = Linux Debug|Any CPU
		{5D3A00B9-3EA2-4220-BA80-AC1322C15882}.Linux Debug|Any CPU.Build.0 = Linux Debug|Any CPU
		{5D3A00B9-3EA2-4220-BA80-AC1322C15882}.Linux Debug|x64.ActiveCfg = Linux Debug|x64
		{5D3A00B9-3EA2-4220-BA80-AC1322C15882}.Linux Debug|x64.Build.0 = Linux Debug|x64
		{5D3A00B9-3EA2-4220-BA80-AC1322C15882}.Linux Debug|x86.ActiveCfg = Linux Debug|x86
		{5D3A00B9-3EA2-4220-BA80-AC1322C15882}.Linux Debug|x86.Build.0 = Linux Debug|x86
		{5D3A00B9-3EA2-4220-BA80-AC1322C15882}.Linux Release SEL|Any CPU.ActiveCfg = Linux Release|Any CPU
		{5D3A00B9-3EA2-4220-BA80-AC1322C15882}.Linux Release SEL|Any CPU.Build.0 = Linux Release|Any CPU
		{5D3A00B9-3EA2-4220-BA80-AC1322C15882}.Linux Release SEL|x64.ActiveCfg = Linux Release|x64
		{5D3A00B9-3EA2-4220-BA80-AC1322C15882}.Linux Release SEL|x64.Build.0 = Linux Release|x64
		{5D3A00B9-3EA2-4220-BA80-AC1322C15882}.Linux Release SEL|x86.ActiveCfg = Linux Release|x86
		{5D3A00B9-3EA2-4220-BA80-AC1322C15882}.Linux Release SEL|x86.Build.0 = Linux Release|x86
		{5D3A00B9-3EA2-4220-BA80-AC1322C15882}.Linux Release|Any CPU.ActiveCfg = Linux Release|Any CPU
		{5D3A00B9-3EA2-4220-BA80-AC1322C15882}.Linux Release|Any CPU.Build.0 = Linux Release|Any CPU
		{5D3A00B9-3EA2-4220-BA80-AC1322C15882}.Linux Release|x64.ActiveCfg = Linux Release|x64
		{5D3A00B9-3EA2-4220-BA80-AC1322C15882}.Linux Release|x64.Build.0 = Linux Release|x64
		{5D3A00B9-3EA2-4220-BA80-AC1322C15882}.Linux Release|x86.ActiveCfg = Linux Release|x86
		{5D3A00B9-3EA2-4220-BA80-AC1322C15882}.Linux Release|x86.Build.0 = Linux Release|x86
		{5D3A00B9-3EA2-4220-BA80-AC1322C15882}.Linux Zee Debug|Any CPU.ActiveCfg = Linux Zee Debug|Any CPU
		{5D3A00B9-3EA2-4220-BA80-AC1322C15882}.Linux Zee Debug|Any CPU.Build.0 = Linux Zee Debug|Any CPU
		{5D3A00B9-3EA2-4220-BA80-AC1322C15882}.Linux Zee Debug|x64.ActiveCfg = Linux Zee Debug|x64
		{5D3A00B9-3EA2-4220-BA80-AC1322C15882}.Linux Zee Debug|x64.Build.0 = Linux Zee Debug|x64
		{5D3A00B9-3EA2-4220-BA80-AC1322C15882}.Linux Zee Debug|x86.ActiveCfg = Linux Zee Debug|x86
		{5D3A00B9-3EA2-4220-BA80-AC1322C15882}.Linux Zee Debug|x86.Build.0 = Linux Zee Debug|x86
		{5D3A00B9-3EA2-4220-BA80-AC1322C15882}.Linux Zee Plus Release|Any CPU.ActiveCfg = Linux Zee Release|Any CPU
		{5D3A00B9-3EA2-4220-BA80-AC1322C15882}.Linux Zee Plus Release|Any CPU.Build.0 = Linux Zee Release|Any CPU
		{5D3A00B9-3EA2-4220-BA80-AC1322C15882}.Linux Zee Plus Release|x64.ActiveCfg = Linux Zee Release|x64
		{5D3A00B9-3EA2-4220-BA80-AC1322C15882}.Linux Zee Plus Release|x64.Build.0 = Linux Zee Release|x64
		{5D3A00B9-3EA2-4220-BA80-AC1322C15882}.Linux Zee Plus Release|x86.ActiveCfg = Linux Zee Release|x86
		{5D3A00B9-3EA2-4220-BA80-AC1322C15882}.Linux Zee Plus Release|x86.Build.0 = Linux Zee Release|x86
		{5D3A00B9-3EA2-4220-BA80-AC1322C15882}.Linux Zee Release ASCII|Any CPU.ActiveCfg = Linux Zee Release|Any CPU
		{5D3A00B9-3EA2-4220-BA80-AC1322C15882}.Linux Zee Release ASCII|Any CPU.Build.0 = Linux Zee Release|Any CPU
		{5D3A00B9-3EA2-4220-BA80-AC1322C15882}.Linux Zee Release ASCII|x64.ActiveCfg = Linux Zee Release|x64
		{5D3A00B9-3EA2-4220-BA80-AC1322C15882}.Linux Zee Release ASCII|x64.Build.0 = Linux Zee Release|x64
		{5D3A00B9-3EA2-4220-BA80-AC1322C15882}.Linux Zee Release ASCII|x86.ActiveCfg = Linux Zee Release|x86
		{5D3A00B9-3EA2-4220-BA80-AC1322C15882}.Linux Zee Release ASCII|x86.Build.0 = Linux Zee Release|x86
		{5D3A00B9-3EA2-4220-BA80-AC1322C15882}.Linux Zee Release|Any CPU.ActiveCfg = Linux Zee Release|Any CPU
		{5D3A00B9-3EA2-4220-BA80-AC1322C15882}.Linux Zee Release|Any CPU.Build.0 = Linux Zee Release|Any CPU
		{5D3A00B9-3EA2-4220-BA80-AC1322C15882}.Linux Zee Release|x64.ActiveCfg = Linux Zee Release|x64
		{5D3A00B9-3EA2-4220-BA80-AC1322C15882}.Linux Zee Release|x64.Build.0 = Linux Zee Release|x64
		{5D3A00B9-3EA2-4220-BA80-AC1322C15882}.Linux Zee Release|x86.ActiveCfg = Linux Zee Release|x86
		{5D3A00B9-3EA2-4220-BA80-AC1322C15882}.Linux Zee Release|x86.Build.0 = Linux Zee Release|x86
		{5D3A00B9-3EA2-4220-BA80-AC1322C15882}.Linux ZeePlus Release|Any CPU.ActiveCfg = Linux Zee Release|Any CPU
		{5D3A00B9-3EA2-4220-BA80-AC1322C15882}.Linux ZeePlus Release|Any CPU.Build.0 = Linux Zee Release|Any CPU
		{5D3A00B9-3EA2-4220-BA80-AC1322C15882}.Linux ZeePlus Release|x64.ActiveCfg = Linux Zee Release|x64
		{5D3A00B9-3EA2-4220-BA80-AC1322C15882}.Linux ZeePlus Release|x64.Build.0 = Linux Zee Release|x64
		{5D3A00B9-3EA2-4220-BA80-AC1322C15882}.Linux ZeePlus Release|x86.ActiveCfg = Linux Zee Release|x86
		{5D3A00B9-3EA2-4220-BA80-AC1322C15882}.Linux ZeePlus Release|x86.Build.0 = Linux Zee Release|x86
		{5D3A00B9-3EA2-4220-BA80-AC1322C15882}.Release|Any CPU.ActiveCfg = Release|Any CPU
		{5D3A00B9-3EA2-4220-BA80-AC1322C15882}.Release|Any CPU.Build.0 = Release|Any CPU
		{5D3A00B9-3EA2-4220-BA80-AC1322C15882}.Release|x64.ActiveCfg = Release|x64
		{5D3A00B9-3EA2-4220-BA80-AC1322C15882}.Release|x64.Build.0 = Release|x64
		{5D3A00B9-3EA2-4220-BA80-AC1322C15882}.Release|x86.ActiveCfg = Release|x86
		{5D3A00B9-3EA2-4220-BA80-AC1322C15882}.Release|x86.Build.0 = Release|x86
		{8BB36BE2-A9BE-4F3C-BC97-FEC2C720CF47}.Debug|Any CPU.ActiveCfg = Debug|Any CPU
		{8BB36BE2-A9BE-4F3C-BC97-FEC2C720CF47}.Debug|Any CPU.Build.0 = Debug|Any CPU
		{8BB36BE2-A9BE-4F3C-BC97-FEC2C720CF47}.Debug|x64.ActiveCfg = Debug|x64
		{8BB36BE2-A9BE-4F3C-BC97-FEC2C720CF47}.Debug|x64.Build.0 = Debug|x64
		{8BB36BE2-A9BE-4F3C-BC97-FEC2C720CF47}.Debug|x86.ActiveCfg = Debug|x86
		{8BB36BE2-A9BE-4F3C-BC97-FEC2C720CF47}.Debug|x86.Build.0 = Debug|x86
		{8BB36BE2-A9BE-4F3C-BC97-FEC2C720CF47}.HTZEES2|Any CPU.ActiveCfg = Release|Any CPU
		{8BB36BE2-A9BE-4F3C-BC97-FEC2C720CF47}.HTZEES2|Any CPU.Build.0 = Release|Any CPU
		{8BB36BE2-A9BE-4F3C-BC97-FEC2C720CF47}.HTZEES2|x64.ActiveCfg = Release|x64
		{8BB36BE2-A9BE-4F3C-BC97-FEC2C720CF47}.HTZEES2|x64.Build.0 = Release|x64
		{8BB36BE2-A9BE-4F3C-BC97-FEC2C720CF47}.HTZEES2|x86.ActiveCfg = Release|x86
		{8BB36BE2-A9BE-4F3C-BC97-FEC2C720CF47}.HTZEES2|x86.Build.0 = Release|x86
		{8BB36BE2-A9BE-4F3C-BC97-FEC2C720CF47}.HTZEES2ASCII|Any CPU.ActiveCfg = Release|Any CPU
		{8BB36BE2-A9BE-4F3C-BC97-FEC2C720CF47}.HTZEES2ASCII|Any CPU.Build.0 = Release|Any CPU
		{8BB36BE2-A9BE-4F3C-BC97-FEC2C720CF47}.HTZEES2ASCII|x64.ActiveCfg = Release|x64
		{8BB36BE2-A9BE-4F3C-BC97-FEC2C720CF47}.HTZEES2ASCII|x64.Build.0 = Release|x64
		{8BB36BE2-A9BE-4F3C-BC97-FEC2C720CF47}.HTZEES2ASCII|x86.ActiveCfg = Release|x86
		{8BB36BE2-A9BE-4F3C-BC97-FEC2C720CF47}.HTZEES2ASCII|x86.Build.0 = Release|x86
		{8BB36BE2-A9BE-4F3C-BC97-FEC2C720CF47}.Linux Debug|Any CPU.ActiveCfg = Linux Debug|Any CPU
		{8BB36BE2-A9BE-4F3C-BC97-FEC2C720CF47}.Linux Debug|Any CPU.Build.0 = Linux Debug|Any CPU
		{8BB36BE2-A9BE-4F3C-BC97-FEC2C720CF47}.Linux Debug|x64.ActiveCfg = Linux Debug|x64
		{8BB36BE2-A9BE-4F3C-BC97-FEC2C720CF47}.Linux Debug|x64.Build.0 = Linux Debug|x64
		{8BB36BE2-A9BE-4F3C-BC97-FEC2C720CF47}.Linux Debug|x86.ActiveCfg = Linux Debug|x86
		{8BB36BE2-A9BE-4F3C-BC97-FEC2C720CF47}.Linux Debug|x86.Build.0 = Linux Debug|x86
		{8BB36BE2-A9BE-4F3C-BC97-FEC2C720CF47}.Linux Release SEL|Any CPU.ActiveCfg = Linux Release|Any CPU
		{8BB36BE2-A9BE-4F3C-BC97-FEC2C720CF47}.Linux Release SEL|Any CPU.Build.0 = Linux Release|Any CPU
		{8BB36BE2-A9BE-4F3C-BC97-FEC2C720CF47}.Linux Release SEL|x64.ActiveCfg = Linux Release|x64
		{8BB36BE2-A9BE-4F3C-BC97-FEC2C720CF47}.Linux Release SEL|x64.Build.0 = Linux Release|x64
		{8BB36BE2-A9BE-4F3C-BC97-FEC2C720CF47}.Linux Release SEL|x86.ActiveCfg = Linux Release|x86
		{8BB36BE2-A9BE-4F3C-BC97-FEC2C720CF47}.Linux Release SEL|x86.Build.0 = Linux Release|x86
		{8BB36BE2-A9BE-4F3C-BC97-FEC2C720CF47}.Linux Release|Any CPU.ActiveCfg = Linux Release|Any CPU
		{8BB36BE2-A9BE-4F3C-BC97-FEC2C720CF47}.Linux Release|Any CPU.Build.0 = Linux Release|Any CPU
		{8BB36BE2-A9BE-4F3C-BC97-FEC2C720CF47}.Linux Release|x64.ActiveCfg = Linux Release|x64
		{8BB36BE2-A9BE-4F3C-BC97-FEC2C720CF47}.Linux Release|x64.Build.0 = Linux Release|x64
		{8BB36BE2-A9BE-4F3C-BC97-FEC2C720CF47}.Linux Release|x86.ActiveCfg = Linux Release|x86
		{8BB36BE2-A9BE-4F3C-BC97-FEC2C720CF47}.Linux Release|x86.Build.0 = Linux Release|x86
		{8BB36BE2-A9BE-4F3C-BC97-FEC2C720CF47}.Linux Zee Debug|Any CPU.ActiveCfg = Linux Zee Debug|Any CPU
		{8BB36BE2-A9BE-4F3C-BC97-FEC2C720CF47}.Linux Zee Debug|Any CPU.Build.0 = Linux Zee Debug|Any CPU
		{8BB36BE2-A9BE-4F3C-BC97-FEC2C720CF47}.Linux Zee Debug|x64.ActiveCfg = Linux Zee Debug|x64
		{8BB36BE2-A9BE-4F3C-BC97-FEC2C720CF47}.Linux Zee Debug|x64.Build.0 = Linux Zee Debug|x64
		{8BB36BE2-A9BE-4F3C-BC97-FEC2C720CF47}.Linux Zee Debug|x86.ActiveCfg = Linux Zee Debug|x86
		{8BB36BE2-A9BE-4F3C-BC97-FEC2C720CF47}.Linux Zee Debug|x86.Build.0 = Linux Zee Debug|x86
		{8BB36BE2-A9BE-4F3C-BC97-FEC2C720CF47}.Linux Zee Plus Release|Any CPU.ActiveCfg = Linux Zee Release|Any CPU
		{8BB36BE2-A9BE-4F3C-BC97-FEC2C720CF47}.Linux Zee Plus Release|Any CPU.Build.0 = Linux Zee Release|Any CPU
		{8BB36BE2-A9BE-4F3C-BC97-FEC2C720CF47}.Linux Zee Plus Release|x64.ActiveCfg = Linux Zee Release|x64
		{8BB36BE2-A9BE-4F3C-BC97-FEC2C720CF47}.Linux Zee Plus Release|x64.Build.0 = Linux Zee Release|x64
		{8BB36BE2-A9BE-4F3C-BC97-FEC2C720CF47}.Linux Zee Plus Release|x86.ActiveCfg = Linux Zee Release|x86
		{8BB36BE2-A9BE-4F3C-BC97-FEC2C720CF47}.Linux Zee Plus Release|x86.Build.0 = Linux Zee Release|x86
		{8BB36BE2-A9BE-4F3C-BC97-FEC2C720CF47}.Linux Zee Release ASCII|Any CPU.ActiveCfg = Linux Zee Release|Any CPU
		{8BB36BE2-A9BE-4F3C-BC97-FEC2C720CF47}.Linux Zee Release ASCII|Any CPU.Build.0 = Linux Zee Release|Any CPU
		{8BB36BE2-A9BE-4F3C-BC97-FEC2C720CF47}.Linux Zee Release ASCII|x64.ActiveCfg = Linux Zee Release|x64
		{8BB36BE2-A9BE-4F3C-BC97-FEC2C720CF47}.Linux Zee Release ASCII|x64.Build.0 = Linux Zee Release|x64
		{8BB36BE2-A9BE-4F3C-BC97-FEC2C720CF47}.Linux Zee Release ASCII|x86.ActiveCfg = Linux Zee Release|x86
		{8BB36BE2-A9BE-4F3C-BC97-FEC2C720CF47}.Linux Zee Release ASCII|x86.Build.0 = Linux Zee Release|x86
		{8BB36BE2-A9BE-4F3C-BC97-FEC2C720CF47}.Linux Zee Release|Any CPU.ActiveCfg = Linux Zee Release|Any CPU
		{8BB36BE2-A9BE-4F3C-BC97-FEC2C720CF47}.Linux Zee Release|Any CPU.Build.0 = Linux Zee Release|Any CPU
		{8BB36BE2-A9BE-4F3C-BC97-FEC2C720CF47}.Linux Zee Release|x64.ActiveCfg = Linux Zee Release|x64
		{8BB36BE2-A9BE-4F3C-BC97-FEC2C720CF47}.Linux Zee Release|x64.Build.0 = Linux Zee Release|x64
		{8BB36BE2-A9BE-4F3C-BC97-FEC2C720CF47}.Linux Zee Release|x86.ActiveCfg = Linux Zee Release|x86
		{8BB36BE2-A9BE-4F3C-BC97-FEC2C720CF47}.Linux Zee Release|x86.Build.0 = Linux Zee Release|x86
		{8BB36BE2-A9BE-4F3C-BC97-FEC2C720CF47}.Linux ZeePlus Release|Any CPU.ActiveCfg = Linux Zee Release|Any CPU
		{8BB36BE2-A9BE-4F3C-BC97-FEC2C720CF47}.Linux ZeePlus Release|Any CPU.Build.0 = Linux Zee Release|Any CPU
		{8BB36BE2-A9BE-4F3C-BC97-FEC2C720CF47}.Linux ZeePlus Release|x64.ActiveCfg = Linux Zee Release|x64
		{8BB36BE2-A9BE-4F3C-BC97-FEC2C720CF47}.Linux ZeePlus Release|x64.Build.0 = Linux Zee Release|x64
		{8BB36BE2-A9BE-4F3C-BC97-FEC2C720CF47}.Linux ZeePlus Release|x86.ActiveCfg = Linux Zee Release|x86
		{8BB36BE2-A9BE-4F3C-BC97-FEC2C720CF47}.Linux ZeePlus Release|x86.Build.0 = Linux Zee Release|x86
		{8BB36BE2-A9BE-4F3C-BC97-FEC2C720CF47}.Release|Any CPU.ActiveCfg = Release|Any CPU
		{8BB36BE2-A9BE-4F3C-BC97-FEC2C720CF47}.Release|Any CPU.Build.0 = Release|Any CPU
		{8BB36BE2-A9BE-4F3C-BC97-FEC2C720CF47}.Release|x64.ActiveCfg = Release|x64
		{8BB36BE2-A9BE-4F3C-BC97-FEC2C720CF47}.Release|x64.Build.0 = Release|x64
		{8BB36BE2-A9BE-4F3C-BC97-FEC2C720CF47}.Release|x86.ActiveCfg = Release|x86
		{8BB36BE2-A9BE-4F3C-BC97-FEC2C720CF47}.Release|x86.Build.0 = Release|x86
		{C6AA9B7B-D35E-4178-A6A0-4B917F22DBA9}.Debug|Any CPU.ActiveCfg = Debug|Any CPU
		{C6AA9B7B-D35E-4178-A6A0-4B917F22DBA9}.Debug|Any CPU.Build.0 = Debug|Any CPU
		{C6AA9B7B-D35E-4178-A6A0-4B917F22DBA9}.Debug|x64.ActiveCfg = Debug|x64
		{C6AA9B7B-D35E-4178-A6A0-4B917F22DBA9}.Debug|x64.Build.0 = Debug|x64
		{C6AA9B7B-D35E-4178-A6A0-4B917F22DBA9}.Debug|x86.ActiveCfg = Debug|x86
		{C6AA9B7B-D35E-4178-A6A0-4B917F22DBA9}.Debug|x86.Build.0 = Debug|x86
		{C6AA9B7B-D35E-4178-A6A0-4B917F22DBA9}.HTZEES2|Any CPU.ActiveCfg = Release|Any CPU
		{C6AA9B7B-D35E-4178-A6A0-4B917F22DBA9}.HTZEES2|Any CPU.Build.0 = Release|Any CPU
		{C6AA9B7B-D35E-4178-A6A0-4B917F22DBA9}.HTZEES2|x64.ActiveCfg = Release|x64
		{C6AA9B7B-D35E-4178-A6A0-4B917F22DBA9}.HTZEES2|x64.Build.0 = Release|x64
		{C6AA9B7B-D35E-4178-A6A0-4B917F22DBA9}.HTZEES2|x86.ActiveCfg = Release|x86
		{C6AA9B7B-D35E-4178-A6A0-4B917F22DBA9}.HTZEES2|x86.Build.0 = Release|x86
		{C6AA9B7B-D35E-4178-A6A0-4B917F22DBA9}.HTZEES2ASCII|Any CPU.ActiveCfg = Release|Any CPU
		{C6AA9B7B-D35E-4178-A6A0-4B917F22DBA9}.HTZEES2ASCII|Any CPU.Build.0 = Release|Any CPU
		{C6AA9B7B-D35E-4178-A6A0-4B917F22DBA9}.HTZEES2ASCII|x64.ActiveCfg = Release|x64
		{C6AA9B7B-D35E-4178-A6A0-4B917F22DBA9}.HTZEES2ASCII|x64.Build.0 = Release|x64
		{C6AA9B7B-D35E-4178-A6A0-4B917F22DBA9}.HTZEES2ASCII|x86.ActiveCfg = Release|x86
		{C6AA9B7B-D35E-4178-A6A0-4B917F22DBA9}.HTZEES2ASCII|x86.Build.0 = Release|x86
		{C6AA9B7B-D35E-4178-A6A0-4B917F22DBA9}.Linux Debug|Any CPU.ActiveCfg = Linux Debug|Any CPU
		{C6AA9B7B-D35E-4178-A6A0-4B917F22DBA9}.Linux Debug|Any CPU.Build.0 = Linux Debug|Any CPU
		{C6AA9B7B-D35E-4178-A6A0-4B917F22DBA9}.Linux Debug|x64.ActiveCfg = Linux Debug|x64
		{C6AA9B7B-D35E-4178-A6A0-4B917F22DBA9}.Linux Debug|x64.Build.0 = Linux Debug|x64
		{C6AA9B7B-D35E-4178-A6A0-4B917F22DBA9}.Linux Debug|x86.ActiveCfg = Linux Debug|x86
		{C6AA9B7B-D35E-4178-A6A0-4B917F22DBA9}.Linux Debug|x86.Build.0 = Linux Debug|x86
		{C6AA9B7B-D35E-4178-A6A0-4B917F22DBA9}.Linux Release SEL|Any CPU.ActiveCfg = Linux Release|Any CPU
		{C6AA9B7B-D35E-4178-A6A0-4B917F22DBA9}.Linux Release SEL|Any CPU.Build.0 = Linux Release|Any CPU
		{C6AA9B7B-D35E-4178-A6A0-4B917F22DBA9}.Linux Release SEL|x64.ActiveCfg = Linux Release|x64
		{C6AA9B7B-D35E-4178-A6A0-4B917F22DBA9}.Linux Release SEL|x64.Build.0 = Linux Release|x64
		{C6AA9B7B-D35E-4178-A6A0-4B917F22DBA9}.Linux Release SEL|x86.ActiveCfg = Linux Release|x86
		{C6AA9B7B-D35E-4178-A6A0-4B917F22DBA9}.Linux Release SEL|x86.Build.0 = Linux Release|x86
		{C6AA9B7B-D35E-4178-A6A0-4B917F22DBA9}.Linux Release|Any CPU.ActiveCfg = Linux Release|Any CPU
		{C6AA9B7B-D35E-4178-A6A0-4B917F22DBA9}.Linux Release|Any CPU.Build.0 = Linux Release|Any CPU
		{C6AA9B7B-D35E-4178-A6A0-4B917F22DBA9}.Linux Release|x64.ActiveCfg = Linux Release|x64
		{C6AA9B7B-D35E-4178-A6A0-4B917F22DBA9}.Linux Release|x64.Build.0 = Linux Release|x64
		{C6AA9B7B-D35E-4178-A6A0-4B917F22DBA9}.Linux Release|x86.ActiveCfg = Linux Release|x86
		{C6AA9B7B-D35E-4178-A6A0-4B917F22DBA9}.Linux Release|x86.Build.0 = Linux Release|x86
		{C6AA9B7B-D35E-4178-A6A0-4B917F22DBA9}.Linux Zee Debug|Any CPU.ActiveCfg = Linux Zee Debug|Any CPU
		{C6AA9B7B-D35E-4178-A6A0-4B917F22DBA9}.Linux Zee Debug|Any CPU.Build.0 = Linux Zee Debug|Any CPU
		{C6AA9B7B-D35E-4178-A6A0-4B917F22DBA9}.Linux Zee Debug|x64.ActiveCfg = Linux Zee Debug|x64
		{C6AA9B7B-D35E-4178-A6A0-4B917F22DBA9}.Linux Zee Debug|x64.Build.0 = Linux Zee Debug|x64
		{C6AA9B7B-D35E-4178-A6A0-4B917F22DBA9}.Linux Zee Debug|x86.ActiveCfg = Linux Zee Debug|x86
		{C6AA9B7B-D35E-4178-A6A0-4B917F22DBA9}.Linux Zee Debug|x86.Build.0 = Linux Zee Debug|x86
		{C6AA9B7B-D35E-4178-A6A0-4B917F22DBA9}.Linux Zee Plus Release|Any CPU.ActiveCfg = Linux Zee Release|Any CPU
		{C6AA9B7B-D35E-4178-A6A0-4B917F22DBA9}.Linux Zee Plus Release|Any CPU.Build.0 = Linux Zee Release|Any CPU
		{C6AA9B7B-D35E-4178-A6A0-4B917F22DBA9}.Linux Zee Plus Release|x64.ActiveCfg = Linux Zee Release|x64
		{C6AA9B7B-D35E-4178-A6A0-4B917F22DBA9}.Linux Zee Plus Release|x64.Build.0 = Linux Zee Release|x64
		{C6AA9B7B-D35E-4178-A6A0-4B917F22DBA9}.Linux Zee Plus Release|x86.ActiveCfg = Linux Zee Release|x86
		{C6AA9B7B-D35E-4178-A6A0-4B917F22DBA9}.Linux Zee Plus Release|x86.Build.0 = Linux Zee Release|x86
		{C6AA9B7B-D35E-4178-A6A0-4B917F22DBA9}.Linux Zee Release ASCII|Any CPU.ActiveCfg = Linux Zee Release|Any CPU
		{C6AA9B7B-D35E-4178-A6A0-4B917F22DBA9}.Linux Zee Release ASCII|Any CPU.Build.0 = Linux Zee Release|Any CPU
		{C6AA9B7B-D35E-4178-A6A0-4B917F22DBA9}.Linux Zee Release ASCII|x64.ActiveCfg = Linux Zee Release|x64
		{C6AA9B7B-D35E-4178-A6A0-4B917F22DBA9}.Linux Zee Release ASCII|x64.Build.0 = Linux Zee Release|x64
		{C6AA9B7B-D35E-4178-A6A0-4B917F22DBA9}.Linux Zee Release ASCII|x86.ActiveCfg = Linux Zee Release|x86
		{C6AA9B7B-D35E-4178-A6A0-4B917F22DBA9}.Linux Zee Release ASCII|x86.Build.0 = Linux Zee Release|x86
		{C6AA9B7B-D35E-4178-A6A0-4B917F22DBA9}.Linux Zee Release|Any CPU.ActiveCfg = Linux Zee Release|Any CPU
		{C6AA9B7B-D35E-4178-A6A0-4B917F22DBA9}.Linux Zee Release|Any CPU.Build.0 = Linux Zee Release|Any CPU
		{C6AA9B7B-D35E-4178-A6A0-4B917F22DBA9}.Linux Zee Release|x64.ActiveCfg = Linux Zee Release|x64
		{C6AA9B7B-D35E-4178-A6A0-4B917F22DBA9}.Linux Zee Release|x64.Build.0 = Linux Zee Release|x64
		{C6AA9B7B-D35E-4178-A6A0-4B917F22DBA9}.Linux Zee Release|x86.ActiveCfg = Linux Zee Release|x86
		{C6AA9B7B-D35E-4178-A6A0-4B917F22DBA9}.Linux Zee Release|x86.Build.0 = Linux Zee Release|x86
		{C6AA9B7B-D35E-4178-A6A0-4B917F22DBA9}.Linux ZeePlus Release|Any CPU.ActiveCfg = Linux Zee Release|Any CPU
		{C6AA9B7B-D35E-4178-A6A0-4B917F22DBA9}.Linux ZeePlus Release|Any CPU.Build.0 = Linux Zee Release|Any CPU
		{C6AA9B7B-D35E-4178-A6A0-4B917F22DBA9}.Linux ZeePlus Release|x64.ActiveCfg = Linux Zee Release|x64
		{C6AA9B7B-D35E-4178-A6A0-4B917F22DBA9}.Linux ZeePlus Release|x64.Build.0 = Linux Zee Release|x64
		{C6AA9B7B-D35E-4178-A6A0-4B917F22DBA9}.Linux ZeePlus Release|x86.ActiveCfg = Linux Zee Release|x86
		{C6AA9B7B-D35E-4178-A6A0-4B917F22DBA9}.Linux ZeePlus Release|x86.Build.0 = Linux Zee Release|x86
		{C6AA9B7B-D35E-4178-A6A0-4B917F22DBA9}.Release|Any CPU.ActiveCfg = Release|Any CPU
		{C6AA9B7B-D35E-4178-A6A0-4B917F22DBA9}.Release|Any CPU.Build.0 = Release|Any CPU
		{C6AA9B7B-D35E-4178-A6A0-4B917F22DBA9}.Release|x64.ActiveCfg = Release|x64
		{C6AA9B7B-D35E-4178-A6A0-4B917F22DBA9}.Release|x64.Build.0 = Release|x64
		{C6AA9B7B-D35E-4178-A6A0-4B917F22DBA9}.Release|x86.ActiveCfg = Release|x86
		{C6AA9B7B-D35E-4178-A6A0-4B917F22DBA9}.Release|x86.Build.0 = Release|x86
		{F7A35F28-7139-4D58-A03A-031BD2E8C1C2}.Debug|Any CPU.ActiveCfg = Debug|Any CPU
		{F7A35F28-7139-4D58-A03A-031BD2E8C1C2}.Debug|Any CPU.Build.0 = Debug|Any CPU
		{F7A35F28-7139-4D58-A03A-031BD2E8C1C2}.Debug|x64.ActiveCfg = Debug|x64
		{F7A35F28-7139-4D58-A03A-031BD2E8C1C2}.Debug|x64.Build.0 = Debug|x64
		{F7A35F28-7139-4D58-A03A-031BD2E8C1C2}.Debug|x86.ActiveCfg = Debug|x86
		{F7A35F28-7139-4D58-A03A-031BD2E8C1C2}.Debug|x86.Build.0 = Debug|x86
		{F7A35F28-7139-4D58-A03A-031BD2E8C1C2}.HTZEES2|Any CPU.ActiveCfg = HTZEES2|Any CPU
		{F7A35F28-7139-4D58-A03A-031BD2E8C1C2}.HTZEES2|Any CPU.Build.0 = HTZEES2|Any CPU
		{F7A35F28-7139-4D58-A03A-031BD2E8C1C2}.HTZEES2|x64.ActiveCfg = HTZEES2|x64
		{F7A35F28-7139-4D58-A03A-031BD2E8C1C2}.HTZEES2|x64.Build.0 = HTZEES2|x64
		{F7A35F28-7139-4D58-A03A-031BD2E8C1C2}.HTZEES2|x86.ActiveCfg = HTZEES2|x86
		{F7A35F28-7139-4D58-A03A-031BD2E8C1C2}.HTZEES2|x86.Build.0 = HTZEES2|x86
		{F7A35F28-7139-4D58-A03A-031BD2E8C1C2}.HTZEES2ASCII|Any CPU.ActiveCfg = HTZEES2ASCII|Any CPU
		{F7A35F28-7139-4D58-A03A-031BD2E8C1C2}.HTZEES2ASCII|Any CPU.Build.0 = HTZEES2ASCII|Any CPU
		{F7A35F28-7139-4D58-A03A-031BD2E8C1C2}.HTZEES2ASCII|x64.ActiveCfg = HTZEES2ASCII|x64
		{F7A35F28-7139-4D58-A03A-031BD2E8C1C2}.HTZEES2ASCII|x64.Build.0 = HTZEES2ASCII|x64
		{F7A35F28-7139-4D58-A03A-031BD2E8C1C2}.HTZEES2ASCII|x86.ActiveCfg = HTZEES2ASCII|x86
		{F7A35F28-7139-4D58-A03A-031BD2E8C1C2}.HTZEES2ASCII|x86.Build.0 = HTZEES2ASCII|x86
		{F7A35F28-7139-4D58-A03A-031BD2E8C1C2}.Linux Debug|Any CPU.ActiveCfg = Linux Debug|Any CPU
		{F7A35F28-7139-4D58-A03A-031BD2E8C1C2}.Linux Debug|Any CPU.Build.0 = Linux Debug|Any CPU
		{F7A35F28-7139-4D58-A03A-031BD2E8C1C2}.Linux Debug|x64.ActiveCfg = Linux Debug|x64
		{F7A35F28-7139-4D58-A03A-031BD2E8C1C2}.Linux Debug|x64.Build.0 = Linux Debug|x64
		{F7A35F28-7139-4D58-A03A-031BD2E8C1C2}.Linux Debug|x86.ActiveCfg = Linux Debug|x86
		{F7A35F28-7139-4D58-A03A-031BD2E8C1C2}.Linux Debug|x86.Build.0 = Linux Debug|x86
		{F7A35F28-7139-4D58-A03A-031BD2E8C1C2}.Linux Release SEL|Any CPU.ActiveCfg = Linux Release SEL|Any CPU
		{F7A35F28-7139-4D58-A03A-031BD2E8C1C2}.Linux Release SEL|Any CPU.Build.0 = Linux Release SEL|Any CPU
		{F7A35F28-7139-4D58-A03A-031BD2E8C1C2}.Linux Release SEL|x64.ActiveCfg = Linux Release SEL|x64
		{F7A35F28-7139-4D58-A03A-031BD2E8C1C2}.Linux Release SEL|x64.Build.0 = Linux Release SEL|x64
		{F7A35F28-7139-4D58-A03A-031BD2E8C1C2}.Linux Release SEL|x86.ActiveCfg = Linux Release SEL|x86
		{F7A35F28-7139-4D58-A03A-031BD2E8C1C2}.Linux Release SEL|x86.Build.0 = Linux Release SEL|x86
		{F7A35F28-7139-4D58-A03A-031BD2E8C1C2}.Linux Release|Any CPU.ActiveCfg = Linux Release|Any CPU
		{F7A35F28-7139-4D58-A03A-031BD2E8C1C2}.Linux Release|Any CPU.Build.0 = Linux Release|Any CPU
		{F7A35F28-7139-4D58-A03A-031BD2E8C1C2}.Linux Release|x64.ActiveCfg = Linux Release|x64
		{F7A35F28-7139-4D58-A03A-031BD2E8C1C2}.Linux Release|x64.Build.0 = Linux Release|x64
		{F7A35F28-7139-4D58-A03A-031BD2E8C1C2}.Linux Release|x86.ActiveCfg = Linux Release|x86
		{F7A35F28-7139-4D58-A03A-031BD2E8C1C2}.Linux Release|x86.Build.0 = Linux Release|x86
		{F7A35F28-7139-4D58-A03A-031BD2E8C1C2}.Linux Zee Debug|Any CPU.ActiveCfg = Linux Zee Debug|Any CPU
		{F7A35F28-7139-4D58-A03A-031BD2E8C1C2}.Linux Zee Debug|Any CPU.Build.0 = Linux Zee Debug|Any CPU
		{F7A35F28-7139-4D58-A03A-031BD2E8C1C2}.Linux Zee Debug|x64.ActiveCfg = Linux Zee Debug|x64
		{F7A35F28-7139-4D58-A03A-031BD2E8C1C2}.Linux Zee Debug|x64.Build.0 = Linux Zee Debug|x64
		{F7A35F28-7139-4D58-A03A-031BD2E8C1C2}.Linux Zee Debug|x86.ActiveCfg = Linux Zee Debug|x86
		{F7A35F28-7139-4D58-A03A-031BD2E8C1C2}.Linux Zee Debug|x86.Build.0 = Linux Zee Debug|x86
		{F7A35F28-7139-4D58-A03A-031BD2E8C1C2}.Linux Zee Plus Release|Any CPU.ActiveCfg = Linux Zee Plus Release|Any CPU
		{F7A35F28-7139-4D58-A03A-031BD2E8C1C2}.Linux Zee Plus Release|Any CPU.Build.0 = Linux Zee Plus Release|Any CPU
		{F7A35F28-7139-4D58-A03A-031BD2E8C1C2}.Linux Zee Plus Release|x64.ActiveCfg = Linux Zee Plus Release|x64
		{F7A35F28-7139-4D58-A03A-031BD2E8C1C2}.Linux Zee Plus Release|x64.Build.0 = Linux Zee Plus Release|x64
		{F7A35F28-7139-4D58-A03A-031BD2E8C1C2}.Linux Zee Plus Release|x86.ActiveCfg = Linux Zee Plus Release|x86
		{F7A35F28-7139-4D58-A03A-031BD2E8C1C2}.Linux Zee Plus Release|x86.Build.0 = Linux Zee Plus Release|x86
		{F7A35F28-7139-4D58-A03A-031BD2E8C1C2}.Linux Zee Release ASCII|Any CPU.ActiveCfg = Linux Zee Release ASCII|Any CPU
		{F7A35F28-7139-4D58-A03A-031BD2E8C1C2}.Linux Zee Release ASCII|Any CPU.Build.0 = Linux Zee Release ASCII|Any CPU
		{F7A35F28-7139-4D58-A03A-031BD2E8C1C2}.Linux Zee Release ASCII|x64.ActiveCfg = Linux Zee Release ASCII|x64
		{F7A35F28-7139-4D58-A03A-031BD2E8C1C2}.Linux Zee Release ASCII|x64.Build.0 = Linux Zee Release ASCII|x64
		{F7A35F28-7139-4D58-A03A-031BD2E8C1C2}.Linux Zee Release ASCII|x86.ActiveCfg = Linux Zee Release ASCII|x86
		{F7A35F28-7139-4D58-A03A-031BD2E8C1C2}.Linux Zee Release ASCII|x86.Build.0 = Linux Zee Release ASCII|x86
		{F7A35F28-7139-4D58-A03A-031BD2E8C1C2}.Linux Zee Release|Any CPU.ActiveCfg = Linux Zee Release|Any CPU
		{F7A35F28-7139-4D58-A03A-031BD2E8C1C2}.Linux Zee Release|Any CPU.Build.0 = Linux Zee Release|Any CPU
		{F7A35F28-7139-4D58-A03A-031BD2E8C1C2}.Linux Zee Release|x64.ActiveCfg = Linux Zee Release|x64
		{F7A35F28-7139-4D58-A03A-031BD2E8C1C2}.Linux Zee Release|x64.Build.0 = Linux Zee Release|x64
		{F7A35F28-7139-4D58-A03A-031BD2E8C1C2}.Linux Zee Release|x86.ActiveCfg = Linux Zee Release|x86
		{F7A35F28-7139-4D58-A03A-031BD2E8C1C2}.Linux Zee Release|x86.Build.0 = Linux Zee Release|x86
		{F7A35F28-7139-4D58-A03A-031BD2E8C1C2}.Linux ZeePlus Release|Any CPU.ActiveCfg = Linux ZeePlus Release|Any CPU
		{F7A35F28-7139-4D58-A03A-031BD2E8C1C2}.Linux ZeePlus Release|Any CPU.Build.0 = Linux ZeePlus Release|Any CPU
		{F7A35F28-7139-4D58-A03A-031BD2E8C1C2}.Linux ZeePlus Release|x64.ActiveCfg = Linux ZeePlus Release|x64
		{F7A35F28-7139-4D58-A03A-031BD2E8C1C2}.Linux ZeePlus Release|x64.Build.0 = Linux ZeePlus Release|x64
		{F7A35F28-7139-4D58-A03A-031BD2E8C1C2}.Linux ZeePlus Release|x86.ActiveCfg = Linux ZeePlus Release|x86
		{F7A35F28-7139-4D58-A03A-031BD2E8C1C2}.Linux ZeePlus Release|x86.Build.0 = Linux ZeePlus Release|x86
		{F7A35F28-7139-4D58-A03A-031BD2E8C1C2}.Release|Any CPU.ActiveCfg = Release|Any CPU
		{F7A35F28-7139-4D58-A03A-031BD2E8C1C2}.Release|Any CPU.Build.0 = Release|Any CPU
		{F7A35F28-7139-4D58-A03A-031BD2E8C1C2}.Release|x64.ActiveCfg = Release|x64
		{F7A35F28-7139-4D58-A03A-031BD2E8C1C2}.Release|x64.Build.0 = Release|x64
		{F7A35F28-7139-4D58-A03A-031BD2E8C1C2}.Release|x86.ActiveCfg = Release|x86
		{F7A35F28-7139-4D58-A03A-031BD2E8C1C2}.Release|x86.Build.0 = Release|x86
		{1FD7DF0E-76CF-4B82-B31C-A21D60B006EF}.Debug|Any CPU.ActiveCfg = Debug|Any CPU
		{1FD7DF0E-76CF-4B82-B31C-A21D60B006EF}.Debug|Any CPU.Build.0 = Debug|Any CPU
		{1FD7DF0E-76CF-4B82-B31C-A21D60B006EF}.Debug|x64.ActiveCfg = Debug|Any CPU
		{1FD7DF0E-76CF-4B82-B31C-A21D60B006EF}.Debug|x64.Build.0 = Debug|Any CPU
		{1FD7DF0E-76CF-4B82-B31C-A21D60B006EF}.Debug|x86.ActiveCfg = Debug|Any CPU
		{1FD7DF0E-76CF-4B82-B31C-A21D60B006EF}.Debug|x86.Build.0 = Debug|Any CPU
		{1FD7DF0E-76CF-4B82-B31C-A21D60B006EF}.HTZEES2|Any CPU.ActiveCfg = Release|Any CPU
		{1FD7DF0E-76CF-4B82-B31C-A21D60B006EF}.HTZEES2|Any CPU.Build.0 = Release|Any CPU
		{1FD7DF0E-76CF-4B82-B31C-A21D60B006EF}.HTZEES2|x64.ActiveCfg = Release|Any CPU
		{1FD7DF0E-76CF-4B82-B31C-A21D60B006EF}.HTZEES2|x64.Build.0 = Release|Any CPU
		{1FD7DF0E-76CF-4B82-B31C-A21D60B006EF}.HTZEES2|x86.ActiveCfg = Release|Any CPU
		{1FD7DF0E-76CF-4B82-B31C-A21D60B006EF}.HTZEES2|x86.Build.0 = Release|Any CPU
		{1FD7DF0E-76CF-4B82-B31C-A21D60B006EF}.HTZEES2ASCII|Any CPU.ActiveCfg = Release|Any CPU
		{1FD7DF0E-76CF-4B82-B31C-A21D60B006EF}.HTZEES2ASCII|Any CPU.Build.0 = Release|Any CPU
		{1FD7DF0E-76CF-4B82-B31C-A21D60B006EF}.HTZEES2ASCII|x64.ActiveCfg = Release|Any CPU
		{1FD7DF0E-76CF-4B82-B31C-A21D60B006EF}.HTZEES2ASCII|x64.Build.0 = Release|Any CPU
		{1FD7DF0E-76CF-4B82-B31C-A21D60B006EF}.HTZEES2ASCII|x86.ActiveCfg = Release|Any CPU
		{1FD7DF0E-76CF-4B82-B31C-A21D60B006EF}.HTZEES2ASCII|x86.Build.0 = Release|Any CPU
		{1FD7DF0E-76CF-4B82-B31C-A21D60B006EF}.Linux Debug|Any CPU.ActiveCfg = Debug|Any CPU
		{1FD7DF0E-76CF-4B82-B31C-A21D60B006EF}.Linux Debug|Any CPU.Build.0 = Debug|Any CPU
		{1FD7DF0E-76CF-4B82-B31C-A21D60B006EF}.Linux Debug|x64.ActiveCfg = Debug|Any CPU
		{1FD7DF0E-76CF-4B82-B31C-A21D60B006EF}.Linux Debug|x64.Build.0 = Debug|Any CPU
		{1FD7DF0E-76CF-4B82-B31C-A21D60B006EF}.Linux Debug|x86.ActiveCfg = Debug|Any CPU
		{1FD7DF0E-76CF-4B82-B31C-A21D60B006EF}.Linux Debug|x86.Build.0 = Debug|Any CPU
		{1FD7DF0E-76CF-4B82-B31C-A21D60B006EF}.Linux Release SEL|Any CPU.ActiveCfg = Release|Any CPU
		{1FD7DF0E-76CF-4B82-B31C-A21D60B006EF}.Linux Release SEL|Any CPU.Build.0 = Release|Any CPU
		{1FD7DF0E-76CF-4B82-B31C-A21D60B006EF}.Linux Release SEL|x64.ActiveCfg = Release|Any CPU
		{1FD7DF0E-76CF-4B82-B31C-A21D60B006EF}.Linux Release SEL|x64.Build.0 = Release|Any CPU
		{1FD7DF0E-76CF-4B82-B31C-A21D60B006EF}.Linux Release SEL|x86.ActiveCfg = Release|Any CPU
		{1FD7DF0E-76CF-4B82-B31C-A21D60B006EF}.Linux Release SEL|x86.Build.0 = Release|Any CPU
		{1FD7DF0E-76CF-4B82-B31C-A21D60B006EF}.Linux Release|Any CPU.ActiveCfg = Release|Any CPU
		{1FD7DF0E-76CF-4B82-B31C-A21D60B006EF}.Linux Release|Any CPU.Build.0 = Release|Any CPU
		{1FD7DF0E-76CF-4B82-B31C-A21D60B006EF}.Linux Release|x64.ActiveCfg = Release|Any CPU
		{1FD7DF0E-76CF-4B82-B31C-A21D60B006EF}.Linux Release|x64.Build.0 = Release|Any CPU
		{1FD7DF0E-76CF-4B82-B31C-A21D60B006EF}.Linux Release|x86.ActiveCfg = Release|Any CPU
		{1FD7DF0E-76CF-4B82-B31C-A21D60B006EF}.Linux Release|x86.Build.0 = Release|Any CPU
		{1FD7DF0E-76CF-4B82-B31C-A21D60B006EF}.Linux Zee Debug|Any CPU.ActiveCfg = Debug|Any CPU
		{1FD7DF0E-76CF-4B82-B31C-A21D60B006EF}.Linux Zee Debug|Any CPU.Build.0 = Debug|Any CPU
		{1FD7DF0E-76CF-4B82-B31C-A21D60B006EF}.Linux Zee Debug|x64.ActiveCfg = Debug|Any CPU
		{1FD7DF0E-76CF-4B82-B31C-A21D60B006EF}.Linux Zee Debug|x64.Build.0 = Debug|Any CPU
		{1FD7DF0E-76CF-4B82-B31C-A21D60B006EF}.Linux Zee Debug|x86.ActiveCfg = Debug|Any CPU
		{1FD7DF0E-76CF-4B82-B31C-A21D60B006EF}.Linux Zee Debug|x86.Build.0 = Debug|Any CPU
		{1FD7DF0E-76CF-4B82-B31C-A21D60B006EF}.Linux Zee Plus Release|Any CPU.ActiveCfg = Release|Any CPU
		{1FD7DF0E-76CF-4B82-B31C-A21D60B006EF}.Linux Zee Plus Release|Any CPU.Build.0 = Release|Any CPU
		{1FD7DF0E-76CF-4B82-B31C-A21D60B006EF}.Linux Zee Plus Release|x64.ActiveCfg = Release|Any CPU
		{1FD7DF0E-76CF-4B82-B31C-A21D60B006EF}.Linux Zee Plus Release|x64.Build.0 = Release|Any CPU
		{1FD7DF0E-76CF-4B82-B31C-A21D60B006EF}.Linux Zee Plus Release|x86.ActiveCfg = Release|Any CPU
		{1FD7DF0E-76CF-4B82-B31C-A21D60B006EF}.Linux Zee Plus Release|x86.Build.0 = Release|Any CPU
		{1FD7DF0E-76CF-4B82-B31C-A21D60B006EF}.Linux Zee Release ASCII|Any CPU.ActiveCfg = Release|Any CPU
		{1FD7DF0E-76CF-4B82-B31C-A21D60B006EF}.Linux Zee Release ASCII|Any CPU.Build.0 = Release|Any CPU
		{1FD7DF0E-76CF-4B82-B31C-A21D60B006EF}.Linux Zee Release ASCII|x64.ActiveCfg = Release|Any CPU
		{1FD7DF0E-76CF-4B82-B31C-A21D60B006EF}.Linux Zee Release ASCII|x64.Build.0 = Release|Any CPU
		{1FD7DF0E-76CF-4B82-B31C-A21D60B006EF}.Linux Zee Release ASCII|x86.ActiveCfg = Release|Any CPU
		{1FD7DF0E-76CF-4B82-B31C-A21D60B006EF}.Linux Zee Release ASCII|x86.Build.0 = Release|Any CPU
		{1FD7DF0E-76CF-4B82-B31C-A21D60B006EF}.Linux Zee Release|Any CPU.ActiveCfg = Release|Any CPU
		{1FD7DF0E-76CF-4B82-B31C-A21D60B006EF}.Linux Zee Release|Any CPU.Build.0 = Release|Any CPU
		{1FD7DF0E-76CF-4B82-B31C-A21D60B006EF}.Linux Zee Release|x64.ActiveCfg = Release|Any CPU
		{1FD7DF0E-76CF-4B82-B31C-A21D60B006EF}.Linux Zee Release|x64.Build.0 = Release|Any CPU
		{1FD7DF0E-76CF-4B82-B31C-A21D60B006EF}.Linux Zee Release|x86.ActiveCfg = Release|Any CPU
		{1FD7DF0E-76CF-4B82-B31C-A21D60B006EF}.Linux Zee Release|x86.Build.0 = Release|Any CPU
		{1FD7DF0E-76CF-4B82-B31C-A21D60B006EF}.Linux ZeePlus Release|Any CPU.ActiveCfg = Release|Any CPU
		{1FD7DF0E-76CF-4B82-B31C-A21D60B006EF}.Linux ZeePlus Release|Any CPU.Build.0 = Release|Any CPU
		{1FD7DF0E-76CF-4B82-B31C-A21D60B006EF}.Linux ZeePlus Release|x64.ActiveCfg = Release|Any CPU
		{1FD7DF0E-76CF-4B82-B31C-A21D60B006EF}.Linux ZeePlus Release|x64.Build.0 = Release|Any CPU
		{1FD7DF0E-76CF-4B82-B31C-A21D60B006EF}.Linux ZeePlus Release|x86.ActiveCfg = Release|Any CPU
		{1FD7DF0E-76CF-4B82-B31C-A21D60B006EF}.Linux ZeePlus Release|x86.Build.0 = Release|Any CPU
		{1FD7DF0E-76CF-4B82-B31C-A21D60B006EF}.Release|Any CPU.ActiveCfg = Release|Any CPU
		{1FD7DF0E-76CF-4B82-B31C-A21D60B006EF}.Release|Any CPU.Build.0 = Release|Any CPU
		{1FD7DF0E-76CF-4B82-B31C-A21D60B006EF}.Release|x64.ActiveCfg = Release|Any CPU
		{1FD7DF0E-76CF-4B82-B31C-A21D60B006EF}.Release|x64.Build.0 = Release|Any CPU
		{1FD7DF0E-76CF-4B82-B31C-A21D60B006EF}.Release|x86.ActiveCfg = Release|Any CPU
		{1FD7DF0E-76CF-4B82-B31C-A21D60B006EF}.Release|x86.Build.0 = Release|Any CPU
		{FB4D0409-419B-463A-939B-17390DB0E4B6}.Debug|Any CPU.ActiveCfg = Debug|Any CPU
		{FB4D0409-419B-463A-939B-17390DB0E4B6}.Debug|Any CPU.Build.0 = Debug|Any CPU
		{FB4D0409-419B-463A-939B-17390DB0E4B6}.Debug|x64.ActiveCfg = Debug|x64
		{FB4D0409-419B-463A-939B-17390DB0E4B6}.Debug|x64.Build.0 = Debug|x64
		{FB4D0409-419B-463A-939B-17390DB0E4B6}.Debug|x86.ActiveCfg = Debug|x86
		{FB4D0409-419B-463A-939B-17390DB0E4B6}.Debug|x86.Build.0 = Debug|x86
		{FB4D0409-419B-463A-939B-17390DB0E4B6}.HTZEES2|Any CPU.ActiveCfg = Linux Zee Release|Any CPU
		{FB4D0409-419B-463A-939B-17390DB0E4B6}.HTZEES2|Any CPU.Build.0 = Linux Zee Release|Any CPU
		{FB4D0409-419B-463A-939B-17390DB0E4B6}.HTZEES2|x64.ActiveCfg = Linux Zee Release|x64
		{FB4D0409-419B-463A-939B-17390DB0E4B6}.HTZEES2|x64.Build.0 = Linux Zee Release|x64
		{FB4D0409-419B-463A-939B-17390DB0E4B6}.HTZEES2|x86.ActiveCfg = Linux Zee Release|x86
		{FB4D0409-419B-463A-939B-17390DB0E4B6}.HTZEES2|x86.Build.0 = Linux Zee Release|x86
		{FB4D0409-419B-463A-939B-17390DB0E4B6}.HTZEES2ASCII|Any CPU.ActiveCfg = Linux Zee Release|Any CPU
		{FB4D0409-419B-463A-939B-17390DB0E4B6}.HTZEES2ASCII|Any CPU.Build.0 = Linux Zee Release|Any CPU
		{FB4D0409-419B-463A-939B-17390DB0E4B6}.HTZEES2ASCII|x64.ActiveCfg = Linux Zee Release|x64
		{FB4D0409-419B-463A-939B-17390DB0E4B6}.HTZEES2ASCII|x64.Build.0 = Linux Zee Release|x64
		{FB4D0409-419B-463A-939B-17390DB0E4B6}.HTZEES2ASCII|x86.ActiveCfg = Linux Zee Release|x86
		{FB4D0409-419B-463A-939B-17390DB0E4B6}.HTZEES2ASCII|x86.Build.0 = Linux Zee Release|x86
		{FB4D0409-419B-463A-939B-17390DB0E4B6}.Linux Debug|Any CPU.ActiveCfg = Linux Debug|Any CPU
		{FB4D0409-419B-463A-939B-17390DB0E4B6}.Linux Debug|Any CPU.Build.0 = Linux Debug|Any CPU
		{FB4D0409-419B-463A-939B-17390DB0E4B6}.Linux Debug|x64.ActiveCfg = Linux Debug|x64
		{FB4D0409-419B-463A-939B-17390DB0E4B6}.Linux Debug|x64.Build.0 = Linux Debug|x64
		{FB4D0409-419B-463A-939B-17390DB0E4B6}.Linux Debug|x86.ActiveCfg = Linux Debug|x86
		{FB4D0409-419B-463A-939B-17390DB0E4B6}.Linux Debug|x86.Build.0 = Linux Debug|x86
		{FB4D0409-419B-463A-939B-17390DB0E4B6}.Linux Release SEL|Any CPU.ActiveCfg = Linux Release|Any CPU
		{FB4D0409-419B-463A-939B-17390DB0E4B6}.Linux Release SEL|Any CPU.Build.0 = Linux Release|Any CPU
		{FB4D0409-419B-463A-939B-17390DB0E4B6}.Linux Release SEL|x64.ActiveCfg = Linux Release|x64
		{FB4D0409-419B-463A-939B-17390DB0E4B6}.Linux Release SEL|x64.Build.0 = Linux Release|x64
		{FB4D0409-419B-463A-939B-17390DB0E4B6}.Linux Release SEL|x86.ActiveCfg = Linux Release|x86
		{FB4D0409-419B-463A-939B-17390DB0E4B6}.Linux Release SEL|x86.Build.0 = Linux Release|x86
		{FB4D0409-419B-463A-939B-17390DB0E4B6}.Linux Release|Any CPU.ActiveCfg = Linux Release|Any CPU
		{FB4D0409-419B-463A-939B-17390DB0E4B6}.Linux Release|Any CPU.Build.0 = Linux Release|Any CPU
		{FB4D0409-419B-463A-939B-17390DB0E4B6}.Linux Release|x64.ActiveCfg = Linux Release|x64
		{FB4D0409-419B-463A-939B-17390DB0E4B6}.Linux Release|x64.Build.0 = Linux Release|x64
		{FB4D0409-419B-463A-939B-17390DB0E4B6}.Linux Release|x86.ActiveCfg = Linux Release|x86
		{FB4D0409-419B-463A-939B-17390DB0E4B6}.Linux Release|x86.Build.0 = Linux Release|x86
		{FB4D0409-419B-463A-939B-17390DB0E4B6}.Linux Zee Debug|Any CPU.ActiveCfg = Linux Zee Debug|Any CPU
		{FB4D0409-419B-463A-939B-17390DB0E4B6}.Linux Zee Debug|Any CPU.Build.0 = Linux Zee Debug|Any CPU
		{FB4D0409-419B-463A-939B-17390DB0E4B6}.Linux Zee Debug|x64.ActiveCfg = Linux Zee Debug|x64
		{FB4D0409-419B-463A-939B-17390DB0E4B6}.Linux Zee Debug|x64.Build.0 = Linux Zee Debug|x64
		{FB4D0409-419B-463A-939B-17390DB0E4B6}.Linux Zee Debug|x86.ActiveCfg = Linux Zee Debug|x86
		{FB4D0409-419B-463A-939B-17390DB0E4B6}.Linux Zee Debug|x86.Build.0 = Linux Zee Debug|x86
		{FB4D0409-419B-463A-939B-17390DB0E4B6}.Linux Zee Plus Release|Any CPU.ActiveCfg = Linux Zee Release|Any CPU
		{FB4D0409-419B-463A-939B-17390DB0E4B6}.Linux Zee Plus Release|Any CPU.Build.0 = Linux Zee Release|Any CPU
		{FB4D0409-419B-463A-939B-17390DB0E4B6}.Linux Zee Plus Release|x64.ActiveCfg = Linux Zee Release|x64
		{FB4D0409-419B-463A-939B-17390DB0E4B6}.Linux Zee Plus Release|x64.Build.0 = Linux Zee Release|x64
		{FB4D0409-419B-463A-939B-17390DB0E4B6}.Linux Zee Plus Release|x86.ActiveCfg = Linux Zee Release|x86
		{FB4D0409-419B-463A-939B-17390DB0E4B6}.Linux Zee Plus Release|x86.Build.0 = Linux Zee Release|x86
		{FB4D0409-419B-463A-939B-17390DB0E4B6}.Linux Zee Release ASCII|Any CPU.ActiveCfg = Linux Zee Release|Any CPU
		{FB4D0409-419B-463A-939B-17390DB0E4B6}.Linux Zee Release ASCII|Any CPU.Build.0 = Linux Zee Release|Any CPU
		{FB4D0409-419B-463A-939B-17390DB0E4B6}.Linux Zee Release ASCII|x64.ActiveCfg = Linux Zee Release|x64
		{FB4D0409-419B-463A-939B-17390DB0E4B6}.Linux Zee Release ASCII|x64.Build.0 = Linux Zee Release|x64
		{FB4D0409-419B-463A-939B-17390DB0E4B6}.Linux Zee Release ASCII|x86.ActiveCfg = Linux Zee Release|x86
		{FB4D0409-419B-463A-939B-17390DB0E4B6}.Linux Zee Release ASCII|x86.Build.0 = Linux Zee Release|x86
		{FB4D0409-419B-463A-939B-17390DB0E4B6}.Linux Zee Release|Any CPU.ActiveCfg = Linux Zee Release|Any CPU
		{FB4D0409-419B-463A-939B-17390DB0E4B6}.Linux Zee Release|Any CPU.Build.0 = Linux Zee Release|Any CPU
		{FB4D0409-419B-463A-939B-17390DB0E4B6}.Linux Zee Release|x64.ActiveCfg = Linux Zee Release|x64
		{FB4D0409-419B-463A-939B-17390DB0E4B6}.Linux Zee Release|x64.Build.0 = Linux Zee Release|x64
		{FB4D0409-419B-463A-939B-17390DB0E4B6}.Linux Zee Release|x86.ActiveCfg = Linux Zee Release|x86
		{FB4D0409-419B-463A-939B-17390DB0E4B6}.Linux Zee Release|x86.Build.0 = Linux Zee Release|x86
		{FB4D0409-419B-463A-939B-17390DB0E4B6}.Linux ZeePlus Release|Any CPU.ActiveCfg = Linux Zee Release|Any CPU
		{FB4D0409-419B-463A-939B-17390DB0E4B6}.Linux ZeePlus Release|Any CPU.Build.0 = Linux Zee Release|Any CPU
		{FB4D0409-419B-463A-939B-17390DB0E4B6}.Linux ZeePlus Release|x64.ActiveCfg = Linux Zee Release|x64
		{FB4D0409-419B-463A-939B-17390DB0E4B6}.Linux ZeePlus Release|x64.Build.0 = Linux Zee Release|x64
		{FB4D0409-419B-463A-939B-17390DB0E4B6}.Linux ZeePlus Release|x86.ActiveCfg = Linux Zee Release|x86
		{FB4D0409-419B-463A-939B-17390DB0E4B6}.Linux ZeePlus Release|x86.Build.0 = Linux Zee Release|x86
		{FB4D0409-419B-463A-939B-17390DB0E4B6}.Release|Any CPU.ActiveCfg = Release|Any CPU
		{FB4D0409-419B-463A-939B-17390DB0E4B6}.Release|Any CPU.Build.0 = Release|Any CPU
		{FB4D0409-419B-463A-939B-17390DB0E4B6}.Release|x64.ActiveCfg = Release|x64
		{FB4D0409-419B-463A-939B-17390DB0E4B6}.Release|x64.Build.0 = Release|x64
		{FB4D0409-419B-463A-939B-17390DB0E4B6}.Release|x86.ActiveCfg = Release|x86
		{FB4D0409-419B-463A-939B-17390DB0E4B6}.Release|x86.Build.0 = Release|x86
		{A3B6D762-301C-41C3-8C70-1924E89BA9A5}.Debug|Any CPU.ActiveCfg = Debug|Any CPU
		{A3B6D762-301C-41C3-8C70-1924E89BA9A5}.Debug|Any CPU.Build.0 = Debug|Any CPU
		{A3B6D762-301C-41C3-8C70-1924E89BA9A5}.Debug|x64.ActiveCfg = Debug|Any CPU
		{A3B6D762-301C-41C3-8C70-1924E89BA9A5}.Debug|x64.Build.0 = Debug|Any CPU
		{A3B6D762-301C-41C3-8C70-1924E89BA9A5}.Debug|x86.ActiveCfg = Debug|x86
		{A3B6D762-301C-41C3-8C70-1924E89BA9A5}.Debug|x86.Build.0 = Debug|x86
		{A3B6D762-301C-41C3-8C70-1924E89BA9A5}.HTZEES2|Any CPU.ActiveCfg = Linux Zee Release|Any CPU
		{A3B6D762-301C-41C3-8C70-1924E89BA9A5}.HTZEES2|Any CPU.Build.0 = Linux Zee Release|Any CPU
		{A3B6D762-301C-41C3-8C70-1924E89BA9A5}.HTZEES2|x64.ActiveCfg = Linux Zee Release|Any CPU
		{A3B6D762-301C-41C3-8C70-1924E89BA9A5}.HTZEES2|x64.Build.0 = Linux Zee Release|Any CPU
		{A3B6D762-301C-41C3-8C70-1924E89BA9A5}.HTZEES2|x86.ActiveCfg = Linux Zee Release|x86
		{A3B6D762-301C-41C3-8C70-1924E89BA9A5}.HTZEES2|x86.Build.0 = Linux Zee Release|x86
		{A3B6D762-301C-41C3-8C70-1924E89BA9A5}.HTZEES2ASCII|Any CPU.ActiveCfg = Linux Zee Release|Any CPU
		{A3B6D762-301C-41C3-8C70-1924E89BA9A5}.HTZEES2ASCII|Any CPU.Build.0 = Linux Zee Release|Any CPU
		{A3B6D762-301C-41C3-8C70-1924E89BA9A5}.HTZEES2ASCII|x64.ActiveCfg = Linux Zee Release|Any CPU
		{A3B6D762-301C-41C3-8C70-1924E89BA9A5}.HTZEES2ASCII|x64.Build.0 = Linux Zee Release|Any CPU
		{A3B6D762-301C-41C3-8C70-1924E89BA9A5}.HTZEES2ASCII|x86.ActiveCfg = Linux Zee Release|x86
		{A3B6D762-301C-41C3-8C70-1924E89BA9A5}.HTZEES2ASCII|x86.Build.0 = Linux Zee Release|x86
		{A3B6D762-301C-41C3-8C70-1924E89BA9A5}.Linux Debug|Any CPU.ActiveCfg = Linux Debug|Any CPU
		{A3B6D762-301C-41C3-8C70-1924E89BA9A5}.Linux Debug|Any CPU.Build.0 = Linux Debug|Any CPU
		{A3B6D762-301C-41C3-8C70-1924E89BA9A5}.Linux Debug|x64.ActiveCfg = Linux Debug|Any CPU
		{A3B6D762-301C-41C3-8C70-1924E89BA9A5}.Linux Debug|x64.Build.0 = Linux Debug|Any CPU
		{A3B6D762-301C-41C3-8C70-1924E89BA9A5}.Linux Debug|x86.ActiveCfg = Linux Debug|x86
		{A3B6D762-301C-41C3-8C70-1924E89BA9A5}.Linux Debug|x86.Build.0 = Linux Debug|x86
		{A3B6D762-301C-41C3-8C70-1924E89BA9A5}.Linux Release SEL|Any CPU.ActiveCfg = Linux Release|Any CPU
		{A3B6D762-301C-41C3-8C70-1924E89BA9A5}.Linux Release SEL|Any CPU.Build.0 = Linux Release|Any CPU
		{A3B6D762-301C-41C3-8C70-1924E89BA9A5}.Linux Release SEL|x64.ActiveCfg = Linux Release|Any CPU
		{A3B6D762-301C-41C3-8C70-1924E89BA9A5}.Linux Release SEL|x64.Build.0 = Linux Release|Any CPU
		{A3B6D762-301C-41C3-8C70-1924E89BA9A5}.Linux Release SEL|x86.ActiveCfg = Linux Release|x86
		{A3B6D762-301C-41C3-8C70-1924E89BA9A5}.Linux Release SEL|x86.Build.0 = Linux Release|x86
		{A3B6D762-301C-41C3-8C70-1924E89BA9A5}.Linux Release|Any CPU.ActiveCfg = Linux Release|Any CPU
		{A3B6D762-301C-41C3-8C70-1924E89BA9A5}.Linux Release|Any CPU.Build.0 = Linux Release|Any CPU
		{A3B6D762-301C-41C3-8C70-1924E89BA9A5}.Linux Release|x64.ActiveCfg = Linux Release|Any CPU
		{A3B6D762-301C-41C3-8C70-1924E89BA9A5}.Linux Release|x64.Build.0 = Linux Release|Any CPU
		{A3B6D762-301C-41C3-8C70-1924E89BA9A5}.Linux Release|x86.ActiveCfg = Linux Release|x86
		{A3B6D762-301C-41C3-8C70-1924E89BA9A5}.Linux Release|x86.Build.0 = Linux Release|x86
		{A3B6D762-301C-41C3-8C70-1924E89BA9A5}.Linux Zee Debug|Any CPU.ActiveCfg = Linux Zee Debug|Any CPU
		{A3B6D762-301C-41C3-8C70-1924E89BA9A5}.Linux Zee Debug|Any CPU.Build.0 = Linux Zee Debug|Any CPU
		{A3B6D762-301C-41C3-8C70-1924E89BA9A5}.Linux Zee Debug|x64.ActiveCfg = Linux Zee Debug|Any CPU
		{A3B6D762-301C-41C3-8C70-1924E89BA9A5}.Linux Zee Debug|x64.Build.0 = Linux Zee Debug|Any CPU
		{A3B6D762-301C-41C3-8C70-1924E89BA9A5}.Linux Zee Debug|x86.ActiveCfg = Linux Zee Debug|x86
		{A3B6D762-301C-41C3-8C70-1924E89BA9A5}.Linux Zee Debug|x86.Build.0 = Linux Zee Debug|x86
		{A3B6D762-301C-41C3-8C70-1924E89BA9A5}.Linux Zee Plus Release|Any CPU.ActiveCfg = Linux Zee Release|Any CPU
		{A3B6D762-301C-41C3-8C70-1924E89BA9A5}.Linux Zee Plus Release|Any CPU.Build.0 = Linux Zee Release|Any CPU
		{A3B6D762-301C-41C3-8C70-1924E89BA9A5}.Linux Zee Plus Release|x64.ActiveCfg = Linux Zee Release|Any CPU
		{A3B6D762-301C-41C3-8C70-1924E89BA9A5}.Linux Zee Plus Release|x64.Build.0 = Linux Zee Release|Any CPU
		{A3B6D762-301C-41C3-8C70-1924E89BA9A5}.Linux Zee Plus Release|x86.ActiveCfg = Linux Zee Release|x86
		{A3B6D762-301C-41C3-8C70-1924E89BA9A5}.Linux Zee Plus Release|x86.Build.0 = Linux Zee Release|x86
		{A3B6D762-301C-41C3-8C70-1924E89BA9A5}.Linux Zee Release ASCII|Any CPU.ActiveCfg = Linux Zee Release|Any CPU
		{A3B6D762-301C-41C3-8C70-1924E89BA9A5}.Linux Zee Release ASCII|Any CPU.Build.0 = Linux Zee Release|Any CPU
		{A3B6D762-301C-41C3-8C70-1924E89BA9A5}.Linux Zee Release ASCII|x64.ActiveCfg = Linux Zee Release|Any CPU
		{A3B6D762-301C-41C3-8C70-1924E89BA9A5}.Linux Zee Release ASCII|x64.Build.0 = Linux Zee Release|Any CPU
		{A3B6D762-301C-41C3-8C70-1924E89BA9A5}.Linux Zee Release ASCII|x86.ActiveCfg = Linux Zee Release|x86
		{A3B6D762-301C-41C3-8C70-1924E89BA9A5}.Linux Zee Release ASCII|x86.Build.0 = Linux Zee Release|x86
		{A3B6D762-301C-41C3-8C70-1924E89BA9A5}.Linux Zee Release|Any CPU.ActiveCfg = Linux Zee Release|Any CPU
		{A3B6D762-301C-41C3-8C70-1924E89BA9A5}.Linux Zee Release|Any CPU.Build.0 = Linux Zee Release|Any CPU
		{A3B6D762-301C-41C3-8C70-1924E89BA9A5}.Linux Zee Release|x64.ActiveCfg = Linux Zee Release|Any CPU
		{A3B6D762-301C-41C3-8C70-1924E89BA9A5}.Linux Zee Release|x64.Build.0 = Linux Zee Release|Any CPU
		{A3B6D762-301C-41C3-8C70-1924E89BA9A5}.Linux Zee Release|x86.ActiveCfg = Linux Zee Release|x86
		{A3B6D762-301C-41C3-8C70-1924E89BA9A5}.Linux Zee Release|x86.Build.0 = Linux Zee Release|x86
		{A3B6D762-301C-41C3-8C70-1924E89BA9A5}.Linux ZeePlus Release|Any CPU.ActiveCfg = Linux Zee Release|Any CPU
		{A3B6D762-301C-41C3-8C70-1924E89BA9A5}.Linux ZeePlus Release|Any CPU.Build.0 = Linux Zee Release|Any CPU
		{A3B6D762-301C-41C3-8C70-1924E89BA9A5}.Linux ZeePlus Release|x64.ActiveCfg = Linux Zee Release|Any CPU
		{A3B6D762-301C-41C3-8C70-1924E89BA9A5}.Linux ZeePlus Release|x64.Build.0 = Linux Zee Release|Any CPU
		{A3B6D762-301C-41C3-8C70-1924E89BA9A5}.Linux ZeePlus Release|x86.ActiveCfg = Linux Zee Release|x86
		{A3B6D762-301C-41C3-8C70-1924E89BA9A5}.Linux ZeePlus Release|x86.Build.0 = Linux Zee Release|x86
		{A3B6D762-301C-41C3-8C70-1924E89BA9A5}.Release|Any CPU.ActiveCfg = Release|Any CPU
		{A3B6D762-301C-41C3-8C70-1924E89BA9A5}.Release|Any CPU.Build.0 = Release|Any CPU
		{A3B6D762-301C-41C3-8C70-1924E89BA9A5}.Release|x64.ActiveCfg = Release|Any CPU
		{A3B6D762-301C-41C3-8C70-1924E89BA9A5}.Release|x64.Build.0 = Release|Any CPU
		{A3B6D762-301C-41C3-8C70-1924E89BA9A5}.Release|x86.ActiveCfg = Release|x86
		{A3B6D762-301C-41C3-8C70-1924E89BA9A5}.Release|x86.Build.0 = Release|x86
		{002E3118-D70E-4823-A7BC-DA42C2DB81D8}.Debug|Any CPU.ActiveCfg = Debug|Any CPU
		{002E3118-D70E-4823-A7BC-DA42C2DB81D8}.Debug|Any CPU.Build.0 = Debug|Any CPU
		{002E3118-D70E-4823-A7BC-DA42C2DB81D8}.Debug|x64.ActiveCfg = Debug|Any CPU
		{002E3118-D70E-4823-A7BC-DA42C2DB81D8}.Debug|x64.Build.0 = Debug|Any CPU
		{002E3118-D70E-4823-A7BC-DA42C2DB81D8}.Debug|x86.ActiveCfg = Debug|x86
		{002E3118-D70E-4823-A7BC-DA42C2DB81D8}.Debug|x86.Build.0 = Debug|x86
		{002E3118-D70E-4823-A7BC-DA42C2DB81D8}.HTZEES2|Any CPU.ActiveCfg = Linux Zee Release|Any CPU
		{002E3118-D70E-4823-A7BC-DA42C2DB81D8}.HTZEES2|Any CPU.Build.0 = Linux Zee Release|Any CPU
		{002E3118-D70E-4823-A7BC-DA42C2DB81D8}.HTZEES2|x64.ActiveCfg = Linux Zee Release|Any CPU
		{002E3118-D70E-4823-A7BC-DA42C2DB81D8}.HTZEES2|x64.Build.0 = Linux Zee Release|Any CPU
		{002E3118-D70E-4823-A7BC-DA42C2DB81D8}.HTZEES2|x86.ActiveCfg = Linux Zee Release|x86
		{002E3118-D70E-4823-A7BC-DA42C2DB81D8}.HTZEES2|x86.Build.0 = Linux Zee Release|x86
		{002E3118-D70E-4823-A7BC-DA42C2DB81D8}.HTZEES2ASCII|Any CPU.ActiveCfg = Linux Zee Release|Any CPU
		{002E3118-D70E-4823-A7BC-DA42C2DB81D8}.HTZEES2ASCII|Any CPU.Build.0 = Linux Zee Release|Any CPU
		{002E3118-D70E-4823-A7BC-DA42C2DB81D8}.HTZEES2ASCII|x64.ActiveCfg = Linux Zee Release|Any CPU
		{002E3118-D70E-4823-A7BC-DA42C2DB81D8}.HTZEES2ASCII|x64.Build.0 = Linux Zee Release|Any CPU
		{002E3118-D70E-4823-A7BC-DA42C2DB81D8}.HTZEES2ASCII|x86.ActiveCfg = Linux Zee Release|x86
		{002E3118-D70E-4823-A7BC-DA42C2DB81D8}.HTZEES2ASCII|x86.Build.0 = Linux Zee Release|x86
		{002E3118-D70E-4823-A7BC-DA42C2DB81D8}.Linux Debug|Any CPU.ActiveCfg = Linux Debug|Any CPU
		{002E3118-D70E-4823-A7BC-DA42C2DB81D8}.Linux Debug|Any CPU.Build.0 = Linux Debug|Any CPU
		{002E3118-D70E-4823-A7BC-DA42C2DB81D8}.Linux Debug|x64.ActiveCfg = Linux Debug|Any CPU
		{002E3118-D70E-4823-A7BC-DA42C2DB81D8}.Linux Debug|x64.Build.0 = Linux Debug|Any CPU
		{002E3118-D70E-4823-A7BC-DA42C2DB81D8}.Linux Debug|x86.ActiveCfg = Linux Debug|x86
		{002E3118-D70E-4823-A7BC-DA42C2DB81D8}.Linux Debug|x86.Build.0 = Linux Debug|x86
		{002E3118-D70E-4823-A7BC-DA42C2DB81D8}.Linux Release SEL|Any CPU.ActiveCfg = Linux Release|Any CPU
		{002E3118-D70E-4823-A7BC-DA42C2DB81D8}.Linux Release SEL|Any CPU.Build.0 = Linux Release|Any CPU
		{002E3118-D70E-4823-A7BC-DA42C2DB81D8}.Linux Release SEL|x64.ActiveCfg = Linux Release|Any CPU
		{002E3118-D70E-4823-A7BC-DA42C2DB81D8}.Linux Release SEL|x64.Build.0 = Linux Release|Any CPU
		{002E3118-D70E-4823-A7BC-DA42C2DB81D8}.Linux Release SEL|x86.ActiveCfg = Linux Release|x86
		{002E3118-D70E-4823-A7BC-DA42C2DB81D8}.Linux Release SEL|x86.Build.0 = Linux Release|x86
		{002E3118-D70E-4823-A7BC-DA42C2DB81D8}.Linux Release|Any CPU.ActiveCfg = Linux Release|Any CPU
		{002E3118-D70E-4823-A7BC-DA42C2DB81D8}.Linux Release|Any CPU.Build.0 = Linux Release|Any CPU
		{002E3118-D70E-4823-A7BC-DA42C2DB81D8}.Linux Release|x64.ActiveCfg = Linux Release|Any CPU
		{002E3118-D70E-4823-A7BC-DA42C2DB81D8}.Linux Release|x64.Build.0 = Linux Release|Any CPU
		{002E3118-D70E-4823-A7BC-DA42C2DB81D8}.Linux Release|x86.ActiveCfg = Linux Release|x86
		{002E3118-D70E-4823-A7BC-DA42C2DB81D8}.Linux Release|x86.Build.0 = Linux Release|x86
		{002E3118-D70E-4823-A7BC-DA42C2DB81D8}.Linux Zee Debug|Any CPU.ActiveCfg = Linux Zee Debug|Any CPU
		{002E3118-D70E-4823-A7BC-DA42C2DB81D8}.Linux Zee Debug|Any CPU.Build.0 = Linux Zee Debug|Any CPU
		{002E3118-D70E-4823-A7BC-DA42C2DB81D8}.Linux Zee Debug|x64.ActiveCfg = Linux Zee Debug|Any CPU
		{002E3118-D70E-4823-A7BC-DA42C2DB81D8}.Linux Zee Debug|x64.Build.0 = Linux Zee Debug|Any CPU
		{002E3118-D70E-4823-A7BC-DA42C2DB81D8}.Linux Zee Debug|x86.ActiveCfg = Linux Zee Debug|x86
		{002E3118-D70E-4823-A7BC-DA42C2DB81D8}.Linux Zee Debug|x86.Build.0 = Linux Zee Debug|x86
		{002E3118-D70E-4823-A7BC-DA42C2DB81D8}.Linux Zee Plus Release|Any CPU.ActiveCfg = Linux Zee Release|Any CPU
		{002E3118-D70E-4823-A7BC-DA42C2DB81D8}.Linux Zee Plus Release|Any CPU.Build.0 = Linux Zee Release|Any CPU
		{002E3118-D70E-4823-A7BC-DA42C2DB81D8}.Linux Zee Plus Release|x64.ActiveCfg = Linux Zee Release|Any CPU
		{002E3118-D70E-4823-A7BC-DA42C2DB81D8}.Linux Zee Plus Release|x64.Build.0 = Linux Zee Release|Any CPU
		{002E3118-D70E-4823-A7BC-DA42C2DB81D8}.Linux Zee Plus Release|x86.ActiveCfg = Linux Zee Release|x86
		{002E3118-D70E-4823-A7BC-DA42C2DB81D8}.Linux Zee Plus Release|x86.Build.0 = Linux Zee Release|x86
		{002E3118-D70E-4823-A7BC-DA42C2DB81D8}.Linux Zee Release ASCII|Any CPU.ActiveCfg = Linux Zee Release|Any CPU
		{002E3118-D70E-4823-A7BC-DA42C2DB81D8}.Linux Zee Release ASCII|Any CPU.Build.0 = Linux Zee Release|Any CPU
		{002E3118-D70E-4823-A7BC-DA42C2DB81D8}.Linux Zee Release ASCII|x64.ActiveCfg = Linux Zee Release|Any CPU
		{002E3118-D70E-4823-A7BC-DA42C2DB81D8}.Linux Zee Release ASCII|x64.Build.0 = Linux Zee Release|Any CPU
		{002E3118-D70E-4823-A7BC-DA42C2DB81D8}.Linux Zee Release ASCII|x86.ActiveCfg = Linux Zee Release|x86
		{002E3118-D70E-4823-A7BC-DA42C2DB81D8}.Linux Zee Release ASCII|x86.Build.0 = Linux Zee Release|x86
		{002E3118-D70E-4823-A7BC-DA42C2DB81D8}.Linux Zee Release|Any CPU.ActiveCfg = Linux Zee Release|Any CPU
		{002E3118-D70E-4823-A7BC-DA42C2DB81D8}.Linux Zee Release|Any CPU.Build.0 = Linux Zee Release|Any CPU
		{002E3118-D70E-4823-A7BC-DA42C2DB81D8}.Linux Zee Release|x64.ActiveCfg = Linux Zee Release|Any CPU
		{002E3118-D70E-4823-A7BC-DA42C2DB81D8}.Linux Zee Release|x64.Build.0 = Linux Zee Release|Any CPU
		{002E3118-D70E-4823-A7BC-DA42C2DB81D8}.Linux Zee Release|x86.ActiveCfg = Linux Zee Release|x86
		{002E3118-D70E-4823-A7BC-DA42C2DB81D8}.Linux Zee Release|x86.Build.0 = Linux Zee Release|x86
		{002E3118-D70E-4823-A7BC-DA42C2DB81D8}.Linux ZeePlus Release|Any CPU.ActiveCfg = Linux Zee Release|Any CPU
		{002E3118-D70E-4823-A7BC-DA42C2DB81D8}.Linux ZeePlus Release|Any CPU.Build.0 = Linux Zee Release|Any CPU
		{002E3118-D70E-4823-A7BC-DA42C2DB81D8}.Linux ZeePlus Release|x64.ActiveCfg = Linux Zee Release|Any CPU
		{002E3118-D70E-4823-A7BC-DA42C2DB81D8}.Linux ZeePlus Release|x64.Build.0 = Linux Zee Release|Any CPU
		{002E3118-D70E-4823-A7BC-DA42C2DB81D8}.Linux ZeePlus Release|x86.ActiveCfg = Linux Zee Release|x86
		{002E3118-D70E-4823-A7BC-DA42C2DB81D8}.Linux ZeePlus Release|x86.Build.0 = Linux Zee Release|x86
		{002E3118-D70E-4823-A7BC-DA42C2DB81D8}.Release|Any CPU.ActiveCfg = Release|Any CPU
		{002E3118-D70E-4823-A7BC-DA42C2DB81D8}.Release|Any CPU.Build.0 = Release|Any CPU
		{002E3118-D70E-4823-A7BC-DA42C2DB81D8}.Release|x64.ActiveCfg = Release|Any CPU
		{002E3118-D70E-4823-A7BC-DA42C2DB81D8}.Release|x64.Build.0 = Release|Any CPU
		{002E3118-D70E-4823-A7BC-DA42C2DB81D8}.Release|x86.ActiveCfg = Release|x86
		{002E3118-D70E-4823-A7BC-DA42C2DB81D8}.Release|x86.Build.0 = Release|x86
		{4D6FACCA-9309-480B-9952-6827CE6548ED}.Debug|Any CPU.ActiveCfg = Debug|Any CPU
		{4D6FACCA-9309-480B-9952-6827CE6548ED}.Debug|Any CPU.Build.0 = Debug|Any CPU
		{4D6FACCA-9309-480B-9952-6827CE6548ED}.Debug|x64.ActiveCfg = Debug|Any CPU
		{4D6FACCA-9309-480B-9952-6827CE6548ED}.Debug|x64.Build.0 = Debug|Any CPU
		{4D6FACCA-9309-480B-9952-6827CE6548ED}.Debug|x86.ActiveCfg = Debug|x86
		{4D6FACCA-9309-480B-9952-6827CE6548ED}.Debug|x86.Build.0 = Debug|x86
		{4D6FACCA-9309-480B-9952-6827CE6548ED}.HTZEES2|Any CPU.ActiveCfg = Linux Zee Release|Any CPU
		{4D6FACCA-9309-480B-9952-6827CE6548ED}.HTZEES2|Any CPU.Build.0 = Linux Zee Release|Any CPU
		{4D6FACCA-9309-480B-9952-6827CE6548ED}.HTZEES2|x64.ActiveCfg = Linux Zee Release|Any CPU
		{4D6FACCA-9309-480B-9952-6827CE6548ED}.HTZEES2|x64.Build.0 = Linux Zee Release|Any CPU
		{4D6FACCA-9309-480B-9952-6827CE6548ED}.HTZEES2|x86.ActiveCfg = Linux Zee Release|x86
		{4D6FACCA-9309-480B-9952-6827CE6548ED}.HTZEES2|x86.Build.0 = Linux Zee Release|x86
		{4D6FACCA-9309-480B-9952-6827CE6548ED}.HTZEES2ASCII|Any CPU.ActiveCfg = Linux Zee Release|Any CPU
		{4D6FACCA-9309-480B-9952-6827CE6548ED}.HTZEES2ASCII|Any CPU.Build.0 = Linux Zee Release|Any CPU
		{4D6FACCA-9309-480B-9952-6827CE6548ED}.HTZEES2ASCII|x64.ActiveCfg = Linux Zee Release|Any CPU
		{4D6FACCA-9309-480B-9952-6827CE6548ED}.HTZEES2ASCII|x64.Build.0 = Linux Zee Release|Any CPU
		{4D6FACCA-9309-480B-9952-6827CE6548ED}.HTZEES2ASCII|x86.ActiveCfg = Linux Zee Release|x86
		{4D6FACCA-9309-480B-9952-6827CE6548ED}.HTZEES2ASCII|x86.Build.0 = Linux Zee Release|x86
		{4D6FACCA-9309-480B-9952-6827CE6548ED}.Linux Debug|Any CPU.ActiveCfg = Linux Debug|Any CPU
		{4D6FACCA-9309-480B-9952-6827CE6548ED}.Linux Debug|Any CPU.Build.0 = Linux Debug|Any CPU
		{4D6FACCA-9309-480B-9952-6827CE6548ED}.Linux Debug|x64.ActiveCfg = Linux Debug|Any CPU
		{4D6FACCA-9309-480B-9952-6827CE6548ED}.Linux Debug|x64.Build.0 = Linux Debug|Any CPU
		{4D6FACCA-9309-480B-9952-6827CE6548ED}.Linux Debug|x86.ActiveCfg = Linux Debug|x86
		{4D6FACCA-9309-480B-9952-6827CE6548ED}.Linux Debug|x86.Build.0 = Linux Debug|x86
		{4D6FACCA-9309-480B-9952-6827CE6548ED}.Linux Release SEL|Any CPU.ActiveCfg = Linux Release|Any CPU
		{4D6FACCA-9309-480B-9952-6827CE6548ED}.Linux Release SEL|Any CPU.Build.0 = Linux Release|Any CPU
		{4D6FACCA-9309-480B-9952-6827CE6548ED}.Linux Release SEL|x64.ActiveCfg = Linux Release|Any CPU
		{4D6FACCA-9309-480B-9952-6827CE6548ED}.Linux Release SEL|x64.Build.0 = Linux Release|Any CPU
		{4D6FACCA-9309-480B-9952-6827CE6548ED}.Linux Release SEL|x86.ActiveCfg = Linux Release|x86
		{4D6FACCA-9309-480B-9952-6827CE6548ED}.Linux Release SEL|x86.Build.0 = Linux Release|x86
		{4D6FACCA-9309-480B-9952-6827CE6548ED}.Linux Release|Any CPU.ActiveCfg = Linux Release|Any CPU
		{4D6FACCA-9309-480B-9952-6827CE6548ED}.Linux Release|Any CPU.Build.0 = Linux Release|Any CPU
		{4D6FACCA-9309-480B-9952-6827CE6548ED}.Linux Release|x64.ActiveCfg = Linux Release|Any CPU
		{4D6FACCA-9309-480B-9952-6827CE6548ED}.Linux Release|x64.Build.0 = Linux Release|Any CPU
		{4D6FACCA-9309-480B-9952-6827CE6548ED}.Linux Release|x86.ActiveCfg = Linux Release|x86
		{4D6FACCA-9309-480B-9952-6827CE6548ED}.Linux Release|x86.Build.0 = Linux Release|x86
		{4D6FACCA-9309-480B-9952-6827CE6548ED}.Linux Zee Debug|Any CPU.ActiveCfg = Linux Zee Debug|Any CPU
		{4D6FACCA-9309-480B-9952-6827CE6548ED}.Linux Zee Debug|Any CPU.Build.0 = Linux Zee Debug|Any CPU
		{4D6FACCA-9309-480B-9952-6827CE6548ED}.Linux Zee Debug|x64.ActiveCfg = Linux Zee Debug|Any CPU
		{4D6FACCA-9309-480B-9952-6827CE6548ED}.Linux Zee Debug|x64.Build.0 = Linux Zee Debug|Any CPU
		{4D6FACCA-9309-480B-9952-6827CE6548ED}.Linux Zee Debug|x86.ActiveCfg = Linux Zee Debug|x86
		{4D6FACCA-9309-480B-9952-6827CE6548ED}.Linux Zee Debug|x86.Build.0 = Linux Zee Debug|x86
		{4D6FACCA-9309-480B-9952-6827CE6548ED}.Linux Zee Plus Release|Any CPU.ActiveCfg = Linux Zee Release|Any CPU
		{4D6FACCA-9309-480B-9952-6827CE6548ED}.Linux Zee Plus Release|Any CPU.Build.0 = Linux Zee Release|Any CPU
		{4D6FACCA-9309-480B-9952-6827CE6548ED}.Linux Zee Plus Release|x64.ActiveCfg = Linux Zee Release|Any CPU
		{4D6FACCA-9309-480B-9952-6827CE6548ED}.Linux Zee Plus Release|x64.Build.0 = Linux Zee Release|Any CPU
		{4D6FACCA-9309-480B-9952-6827CE6548ED}.Linux Zee Plus Release|x86.ActiveCfg = Linux Zee Release|x86
		{4D6FACCA-9309-480B-9952-6827CE6548ED}.Linux Zee Plus Release|x86.Build.0 = Linux Zee Release|x86
		{4D6FACCA-9309-480B-9952-6827CE6548ED}.Linux Zee Release ASCII|Any CPU.ActiveCfg = Linux Zee Release|Any CPU
		{4D6FACCA-9309-480B-9952-6827CE6548ED}.Linux Zee Release ASCII|Any CPU.Build.0 = Linux Zee Release|Any CPU
		{4D6FACCA-9309-480B-9952-6827CE6548ED}.Linux Zee Release ASCII|x64.ActiveCfg = Linux Zee Release|Any CPU
		{4D6FACCA-9309-480B-9952-6827CE6548ED}.Linux Zee Release ASCII|x64.Build.0 = Linux Zee Release|Any CPU
		{4D6FACCA-9309-480B-9952-6827CE6548ED}.Linux Zee Release ASCII|x86.ActiveCfg = Linux Zee Release|x86
		{4D6FACCA-9309-480B-9952-6827CE6548ED}.Linux Zee Release ASCII|x86.Build.0 = Linux Zee Release|x86
		{4D6FACCA-9309-480B-9952-6827CE6548ED}.Linux Zee Release|Any CPU.ActiveCfg = Linux Zee Release|Any CPU
		{4D6FACCA-9309-480B-9952-6827CE6548ED}.Linux Zee Release|Any CPU.Build.0 = Linux Zee Release|Any CPU
		{4D6FACCA-9309-480B-9952-6827CE6548ED}.Linux Zee Release|x64.ActiveCfg = Linux Zee Release|Any CPU
		{4D6FACCA-9309-480B-9952-6827CE6548ED}.Linux Zee Release|x64.Build.0 = Linux Zee Release|Any CPU
		{4D6FACCA-9309-480B-9952-6827CE6548ED}.Linux Zee Release|x86.ActiveCfg = Linux Zee Release|x86
		{4D6FACCA-9309-480B-9952-6827CE6548ED}.Linux Zee Release|x86.Build.0 = Linux Zee Release|x86
		{4D6FACCA-9309-480B-9952-6827CE6548ED}.Linux ZeePlus Release|Any CPU.ActiveCfg = Linux Zee Release|Any CPU
		{4D6FACCA-9309-480B-9952-6827CE6548ED}.Linux ZeePlus Release|Any CPU.Build.0 = Linux Zee Release|Any CPU
		{4D6FACCA-9309-480B-9952-6827CE6548ED}.Linux ZeePlus Release|x64.ActiveCfg = Linux Zee Release|Any CPU
		{4D6FACCA-9309-480B-9952-6827CE6548ED}.Linux ZeePlus Release|x64.Build.0 = Linux Zee Release|Any CPU
		{4D6FACCA-9309-480B-9952-6827CE6548ED}.Linux ZeePlus Release|x86.ActiveCfg = Linux Zee Release|x86
		{4D6FACCA-9309-480B-9952-6827CE6548ED}.Linux ZeePlus Release|x86.Build.0 = Linux Zee Release|x86
		{4D6FACCA-9309-480B-9952-6827CE6548ED}.Release|Any CPU.ActiveCfg = Release|Any CPU
		{4D6FACCA-9309-480B-9952-6827CE6548ED}.Release|Any CPU.Build.0 = Release|Any CPU
		{4D6FACCA-9309-480B-9952-6827CE6548ED}.Release|x64.ActiveCfg = Release|Any CPU
		{4D6FACCA-9309-480B-9952-6827CE6548ED}.Release|x64.Build.0 = Release|Any CPU
		{4D6FACCA-9309-480B-9952-6827CE6548ED}.Release|x86.ActiveCfg = Release|x86
		{4D6FACCA-9309-480B-9952-6827CE6548ED}.Release|x86.Build.0 = Release|x86
		{D2AFDEFF-7EBA-484D-8FEF-3093EB03EA00}.Debug|Any CPU.ActiveCfg = Debug|Any CPU
		{D2AFDEFF-7EBA-484D-8FEF-3093EB03EA00}.Debug|Any CPU.Build.0 = Debug|Any CPU
		{D2AFDEFF-7EBA-484D-8FEF-3093EB03EA00}.Debug|x64.ActiveCfg = Debug|x64
		{D2AFDEFF-7EBA-484D-8FEF-3093EB03EA00}.Debug|x64.Build.0 = Debug|x64
		{D2AFDEFF-7EBA-484D-8FEF-3093EB03EA00}.Debug|x86.ActiveCfg = Debug|x86
		{D2AFDEFF-7EBA-484D-8FEF-3093EB03EA00}.Debug|x86.Build.0 = Debug|x86
		{D2AFDEFF-7EBA-484D-8FEF-3093EB03EA00}.HTZEES2|Any CPU.ActiveCfg = Linux Zee Release|Any CPU
		{D2AFDEFF-7EBA-484D-8FEF-3093EB03EA00}.HTZEES2|Any CPU.Build.0 = Linux Zee Release|Any CPU
		{D2AFDEFF-7EBA-484D-8FEF-3093EB03EA00}.HTZEES2|x64.ActiveCfg = Linux Zee Release|x64
		{D2AFDEFF-7EBA-484D-8FEF-3093EB03EA00}.HTZEES2|x64.Build.0 = Linux Zee Release|x64
		{D2AFDEFF-7EBA-484D-8FEF-3093EB03EA00}.HTZEES2|x86.ActiveCfg = Linux Zee Release|x86
		{D2AFDEFF-7EBA-484D-8FEF-3093EB03EA00}.HTZEES2|x86.Build.0 = Linux Zee Release|x86
		{D2AFDEFF-7EBA-484D-8FEF-3093EB03EA00}.HTZEES2ASCII|Any CPU.ActiveCfg = Linux Zee Release|Any CPU
		{D2AFDEFF-7EBA-484D-8FEF-3093EB03EA00}.HTZEES2ASCII|Any CPU.Build.0 = Linux Zee Release|Any CPU
		{D2AFDEFF-7EBA-484D-8FEF-3093EB03EA00}.HTZEES2ASCII|x64.ActiveCfg = Linux Zee Release|x64
		{D2AFDEFF-7EBA-484D-8FEF-3093EB03EA00}.HTZEES2ASCII|x64.Build.0 = Linux Zee Release|x64
		{D2AFDEFF-7EBA-484D-8FEF-3093EB03EA00}.HTZEES2ASCII|x86.ActiveCfg = Linux Zee Release|x86
		{D2AFDEFF-7EBA-484D-8FEF-3093EB03EA00}.HTZEES2ASCII|x86.Build.0 = Linux Zee Release|x86
		{D2AFDEFF-7EBA-484D-8FEF-3093EB03EA00}.Linux Debug|Any CPU.ActiveCfg = Linux Debug|Any CPU
		{D2AFDEFF-7EBA-484D-8FEF-3093EB03EA00}.Linux Debug|Any CPU.Build.0 = Linux Debug|Any CPU
		{D2AFDEFF-7EBA-484D-8FEF-3093EB03EA00}.Linux Debug|x64.ActiveCfg = Linux Debug|x64
		{D2AFDEFF-7EBA-484D-8FEF-3093EB03EA00}.Linux Debug|x64.Build.0 = Linux Debug|x64
		{D2AFDEFF-7EBA-484D-8FEF-3093EB03EA00}.Linux Debug|x86.ActiveCfg = Linux Debug|x86
		{D2AFDEFF-7EBA-484D-8FEF-3093EB03EA00}.Linux Debug|x86.Build.0 = Linux Debug|x86
		{D2AFDEFF-7EBA-484D-8FEF-3093EB03EA00}.Linux Release SEL|Any CPU.ActiveCfg = Linux Release|Any CPU
		{D2AFDEFF-7EBA-484D-8FEF-3093EB03EA00}.Linux Release SEL|Any CPU.Build.0 = Linux Release|Any CPU
		{D2AFDEFF-7EBA-484D-8FEF-3093EB03EA00}.Linux Release SEL|x64.ActiveCfg = Linux Release|x64
		{D2AFDEFF-7EBA-484D-8FEF-3093EB03EA00}.Linux Release SEL|x64.Build.0 = Linux Release|x64
		{D2AFDEFF-7EBA-484D-8FEF-3093EB03EA00}.Linux Release SEL|x86.ActiveCfg = Linux Release|x86
		{D2AFDEFF-7EBA-484D-8FEF-3093EB03EA00}.Linux Release SEL|x86.Build.0 = Linux Release|x86
		{D2AFDEFF-7EBA-484D-8FEF-3093EB03EA00}.Linux Release|Any CPU.ActiveCfg = Linux Release|Any CPU
		{D2AFDEFF-7EBA-484D-8FEF-3093EB03EA00}.Linux Release|Any CPU.Build.0 = Linux Release|Any CPU
		{D2AFDEFF-7EBA-484D-8FEF-3093EB03EA00}.Linux Release|x64.ActiveCfg = Linux Release|x64
		{D2AFDEFF-7EBA-484D-8FEF-3093EB03EA00}.Linux Release|x64.Build.0 = Linux Release|x64
		{D2AFDEFF-7EBA-484D-8FEF-3093EB03EA00}.Linux Release|x86.ActiveCfg = Linux Release|x86
		{D2AFDEFF-7EBA-484D-8FEF-3093EB03EA00}.Linux Release|x86.Build.0 = Linux Release|x86
		{D2AFDEFF-7EBA-484D-8FEF-3093EB03EA00}.Linux Zee Debug|Any CPU.ActiveCfg = Linux Zee Debug|Any CPU
		{D2AFDEFF-7EBA-484D-8FEF-3093EB03EA00}.Linux Zee Debug|Any CPU.Build.0 = Linux Zee Debug|Any CPU
		{D2AFDEFF-7EBA-484D-8FEF-3093EB03EA00}.Linux Zee Debug|x64.ActiveCfg = Linux Zee Debug|x64
		{D2AFDEFF-7EBA-484D-8FEF-3093EB03EA00}.Linux Zee Debug|x64.Build.0 = Linux Zee Debug|x64
		{D2AFDEFF-7EBA-484D-8FEF-3093EB03EA00}.Linux Zee Debug|x86.ActiveCfg = Linux Zee Debug|x86
		{D2AFDEFF-7EBA-484D-8FEF-3093EB03EA00}.Linux Zee Debug|x86.Build.0 = Linux Zee Debug|x86
		{D2AFDEFF-7EBA-484D-8FEF-3093EB03EA00}.Linux Zee Plus Release|Any CPU.ActiveCfg = Linux Zee Release|Any CPU
		{D2AFDEFF-7EBA-484D-8FEF-3093EB03EA00}.Linux Zee Plus Release|Any CPU.Build.0 = Linux Zee Release|Any CPU
		{D2AFDEFF-7EBA-484D-8FEF-3093EB03EA00}.Linux Zee Plus Release|x64.ActiveCfg = Linux Zee Release|x64
		{D2AFDEFF-7EBA-484D-8FEF-3093EB03EA00}.Linux Zee Plus Release|x64.Build.0 = Linux Zee Release|x64
		{D2AFDEFF-7EBA-484D-8FEF-3093EB03EA00}.Linux Zee Plus Release|x86.ActiveCfg = Linux Zee Release|x86
		{D2AFDEFF-7EBA-484D-8FEF-3093EB03EA00}.Linux Zee Plus Release|x86.Build.0 = Linux Zee Release|x86
		{D2AFDEFF-7EBA-484D-8FEF-3093EB03EA00}.Linux Zee Release ASCII|Any CPU.ActiveCfg = Linux Zee Release|Any CPU
		{D2AFDEFF-7EBA-484D-8FEF-3093EB03EA00}.Linux Zee Release ASCII|Any CPU.Build.0 = Linux Zee Release|Any CPU
		{D2AFDEFF-7EBA-484D-8FEF-3093EB03EA00}.Linux Zee Release ASCII|x64.ActiveCfg = Linux Zee Release|x64
		{D2AFDEFF-7EBA-484D-8FEF-3093EB03EA00}.Linux Zee Release ASCII|x64.Build.0 = Linux Zee Release|x64
		{D2AFDEFF-7EBA-484D-8FEF-3093EB03EA00}.Linux Zee Release ASCII|x86.ActiveCfg = Linux Zee Release|x86
		{D2AFDEFF-7EBA-484D-8FEF-3093EB03EA00}.Linux Zee Release ASCII|x86.Build.0 = Linux Zee Release|x86
		{D2AFDEFF-7EBA-484D-8FEF-3093EB03EA00}.Linux Zee Release|Any CPU.ActiveCfg = Linux Zee Release|Any CPU
		{D2AFDEFF-7EBA-484D-8FEF-3093EB03EA00}.Linux Zee Release|Any CPU.Build.0 = Linux Zee Release|Any CPU
		{D2AFDEFF-7EBA-484D-8FEF-3093EB03EA00}.Linux Zee Release|x64.ActiveCfg = Linux Zee Release|x64
		{D2AFDEFF-7EBA-484D-8FEF-3093EB03EA00}.Linux Zee Release|x64.Build.0 = Linux Zee Release|x64
		{D2AFDEFF-7EBA-484D-8FEF-3093EB03EA00}.Linux Zee Release|x86.ActiveCfg = Linux Zee Release|x86
		{D2AFDEFF-7EBA-484D-8FEF-3093EB03EA00}.Linux Zee Release|x86.Build.0 = Linux Zee Release|x86
		{D2AFDEFF-7EBA-484D-8FEF-3093EB03EA00}.Linux ZeePlus Release|Any CPU.ActiveCfg = Linux Zee Release|Any CPU
		{D2AFDEFF-7EBA-484D-8FEF-3093EB03EA00}.Linux ZeePlus Release|Any CPU.Build.0 = Linux Zee Release|Any CPU
		{D2AFDEFF-7EBA-484D-8FEF-3093EB03EA00}.Linux ZeePlus Release|x64.ActiveCfg = Linux Zee Release|x64
		{D2AFDEFF-7EBA-484D-8FEF-3093EB03EA00}.Linux ZeePlus Release|x64.Build.0 = Linux Zee Release|x64
		{D2AFDEFF-7EBA-484D-8FEF-3093EB03EA00}.Linux ZeePlus Release|x86.ActiveCfg = Linux Zee Release|x86
		{D2AFDEFF-7EBA-484D-8FEF-3093EB03EA00}.Linux ZeePlus Release|x86.Build.0 = Linux Zee Release|x86
		{D2AFDEFF-7EBA-484D-8FEF-3093EB03EA00}.Release|Any CPU.ActiveCfg = Release|Any CPU
		{D2AFDEFF-7EBA-484D-8FEF-3093EB03EA00}.Release|Any CPU.Build.0 = Release|Any CPU
		{D2AFDEFF-7EBA-484D-8FEF-3093EB03EA00}.Release|x64.ActiveCfg = Release|x64
		{D2AFDEFF-7EBA-484D-8FEF-3093EB03EA00}.Release|x64.Build.0 = Release|x64
		{D2AFDEFF-7EBA-484D-8FEF-3093EB03EA00}.Release|x86.ActiveCfg = Release|x86
		{D2AFDEFF-7EBA-484D-8FEF-3093EB03EA00}.Release|x86.Build.0 = Release|x86
		{5B765209-8B2A-4379-8C61-CBFEA0A1BCA7}.Debug|Any CPU.ActiveCfg = Debug|Any CPU
		{5B765209-8B2A-4379-8C61-CBFEA0A1BCA7}.Debug|Any CPU.Build.0 = Debug|Any CPU
		{5B765209-8B2A-4379-8C61-CBFEA0A1BCA7}.Debug|x64.ActiveCfg = Debug|Any CPU
		{5B765209-8B2A-4379-8C61-CBFEA0A1BCA7}.Debug|x64.Build.0 = Debug|Any CPU
		{5B765209-8B2A-4379-8C61-CBFEA0A1BCA7}.Debug|x86.ActiveCfg = Debug|x86
		{5B765209-8B2A-4379-8C61-CBFEA0A1BCA7}.Debug|x86.Build.0 = Debug|x86
		{5B765209-8B2A-4379-8C61-CBFEA0A1BCA7}.HTZEES2|Any CPU.ActiveCfg = Linux Zee Release|Any CPU
		{5B765209-8B2A-4379-8C61-CBFEA0A1BCA7}.HTZEES2|Any CPU.Build.0 = Linux Zee Release|Any CPU
		{5B765209-8B2A-4379-8C61-CBFEA0A1BCA7}.HTZEES2|x64.ActiveCfg = Linux Zee Release|Any CPU
		{5B765209-8B2A-4379-8C61-CBFEA0A1BCA7}.HTZEES2|x64.Build.0 = Linux Zee Release|Any CPU
		{5B765209-8B2A-4379-8C61-CBFEA0A1BCA7}.HTZEES2|x86.ActiveCfg = Linux Zee Release|x86
		{5B765209-8B2A-4379-8C61-CBFEA0A1BCA7}.HTZEES2|x86.Build.0 = Linux Zee Release|x86
		{5B765209-8B2A-4379-8C61-CBFEA0A1BCA7}.HTZEES2ASCII|Any CPU.ActiveCfg = Linux Zee Release|Any CPU
		{5B765209-8B2A-4379-8C61-CBFEA0A1BCA7}.HTZEES2ASCII|Any CPU.Build.0 = Linux Zee Release|Any CPU
		{5B765209-8B2A-4379-8C61-CBFEA0A1BCA7}.HTZEES2ASCII|x64.ActiveCfg = Linux Zee Release|Any CPU
		{5B765209-8B2A-4379-8C61-CBFEA0A1BCA7}.HTZEES2ASCII|x64.Build.0 = Linux Zee Release|Any CPU
		{5B765209-8B2A-4379-8C61-CBFEA0A1BCA7}.HTZEES2ASCII|x86.ActiveCfg = Linux Zee Release|x86
		{5B765209-8B2A-4379-8C61-CBFEA0A1BCA7}.HTZEES2ASCII|x86.Build.0 = Linux Zee Release|x86
		{5B765209-8B2A-4379-8C61-CBFEA0A1BCA7}.Linux Debug|Any CPU.ActiveCfg = Linux Debug|Any CPU
		{5B765209-8B2A-4379-8C61-CBFEA0A1BCA7}.Linux Debug|Any CPU.Build.0 = Linux Debug|Any CPU
		{5B765209-8B2A-4379-8C61-CBFEA0A1BCA7}.Linux Debug|x64.ActiveCfg = Linux Debug|Any CPU
		{5B765209-8B2A-4379-8C61-CBFEA0A1BCA7}.Linux Debug|x64.Build.0 = Linux Debug|Any CPU
		{5B765209-8B2A-4379-8C61-CBFEA0A1BCA7}.Linux Debug|x86.ActiveCfg = Linux Debug|x86
		{5B765209-8B2A-4379-8C61-CBFEA0A1BCA7}.Linux Debug|x86.Build.0 = Linux Debug|x86
		{5B765209-8B2A-4379-8C61-CBFEA0A1BCA7}.Linux Release SEL|Any CPU.ActiveCfg = Linux Release|Any CPU
		{5B765209-8B2A-4379-8C61-CBFEA0A1BCA7}.Linux Release SEL|Any CPU.Build.0 = Linux Release|Any CPU
		{5B765209-8B2A-4379-8C61-CBFEA0A1BCA7}.Linux Release SEL|x64.ActiveCfg = Linux Release|Any CPU
		{5B765209-8B2A-4379-8C61-CBFEA0A1BCA7}.Linux Release SEL|x64.Build.0 = Linux Release|Any CPU
		{5B765209-8B2A-4379-8C61-CBFEA0A1BCA7}.Linux Release SEL|x86.ActiveCfg = Linux Release|x86
		{5B765209-8B2A-4379-8C61-CBFEA0A1BCA7}.Linux Release SEL|x86.Build.0 = Linux Release|x86
		{5B765209-8B2A-4379-8C61-CBFEA0A1BCA7}.Linux Release|Any CPU.ActiveCfg = Linux Release|Any CPU
		{5B765209-8B2A-4379-8C61-CBFEA0A1BCA7}.Linux Release|Any CPU.Build.0 = Linux Release|Any CPU
		{5B765209-8B2A-4379-8C61-CBFEA0A1BCA7}.Linux Release|x64.ActiveCfg = Linux Release|Any CPU
		{5B765209-8B2A-4379-8C61-CBFEA0A1BCA7}.Linux Release|x64.Build.0 = Linux Release|Any CPU
		{5B765209-8B2A-4379-8C61-CBFEA0A1BCA7}.Linux Release|x86.ActiveCfg = Linux Release|x86
		{5B765209-8B2A-4379-8C61-CBFEA0A1BCA7}.Linux Release|x86.Build.0 = Linux Release|x86
		{5B765209-8B2A-4379-8C61-CBFEA0A1BCA7}.Linux Zee Debug|Any CPU.ActiveCfg = Linux Zee Debug|Any CPU
		{5B765209-8B2A-4379-8C61-CBFEA0A1BCA7}.Linux Zee Debug|Any CPU.Build.0 = Linux Zee Debug|Any CPU
		{5B765209-8B2A-4379-8C61-CBFEA0A1BCA7}.Linux Zee Debug|x64.ActiveCfg = Linux Zee Debug|Any CPU
		{5B765209-8B2A-4379-8C61-CBFEA0A1BCA7}.Linux Zee Debug|x64.Build.0 = Linux Zee Debug|Any CPU
		{5B765209-8B2A-4379-8C61-CBFEA0A1BCA7}.Linux Zee Debug|x86.ActiveCfg = Linux Zee Debug|x86
		{5B765209-8B2A-4379-8C61-CBFEA0A1BCA7}.Linux Zee Debug|x86.Build.0 = Linux Zee Debug|x86
		{5B765209-8B2A-4379-8C61-CBFEA0A1BCA7}.Linux Zee Plus Release|Any CPU.ActiveCfg = Linux Zee Release|Any CPU
		{5B765209-8B2A-4379-8C61-CBFEA0A1BCA7}.Linux Zee Plus Release|Any CPU.Build.0 = Linux Zee Release|Any CPU
		{5B765209-8B2A-4379-8C61-CBFEA0A1BCA7}.Linux Zee Plus Release|x64.ActiveCfg = Linux Zee Release|Any CPU
		{5B765209-8B2A-4379-8C61-CBFEA0A1BCA7}.Linux Zee Plus Release|x64.Build.0 = Linux Zee Release|Any CPU
		{5B765209-8B2A-4379-8C61-CBFEA0A1BCA7}.Linux Zee Plus Release|x86.ActiveCfg = Linux Zee Release|x86
		{5B765209-8B2A-4379-8C61-CBFEA0A1BCA7}.Linux Zee Plus Release|x86.Build.0 = Linux Zee Release|x86
		{5B765209-8B2A-4379-8C61-CBFEA0A1BCA7}.Linux Zee Release ASCII|Any CPU.ActiveCfg = Linux Zee Release|Any CPU
		{5B765209-8B2A-4379-8C61-CBFEA0A1BCA7}.Linux Zee Release ASCII|Any CPU.Build.0 = Linux Zee Release|Any CPU
		{5B765209-8B2A-4379-8C61-CBFEA0A1BCA7}.Linux Zee Release ASCII|x64.ActiveCfg = Linux Zee Release|Any CPU
		{5B765209-8B2A-4379-8C61-CBFEA0A1BCA7}.Linux Zee Release ASCII|x64.Build.0 = Linux Zee Release|Any CPU
		{5B765209-8B2A-4379-8C61-CBFEA0A1BCA7}.Linux Zee Release ASCII|x86.ActiveCfg = Linux Zee Release|x86
		{5B765209-8B2A-4379-8C61-CBFEA0A1BCA7}.Linux Zee Release ASCII|x86.Build.0 = Linux Zee Release|x86
		{5B765209-8B2A-4379-8C61-CBFEA0A1BCA7}.Linux Zee Release|Any CPU.ActiveCfg = Linux Zee Release|Any CPU
		{5B765209-8B2A-4379-8C61-CBFEA0A1BCA7}.Linux Zee Release|Any CPU.Build.0 = Linux Zee Release|Any CPU
		{5B765209-8B2A-4379-8C61-CBFEA0A1BCA7}.Linux Zee Release|x64.ActiveCfg = Linux Zee Release|Any CPU
		{5B765209-8B2A-4379-8C61-CBFEA0A1BCA7}.Linux Zee Release|x64.Build.0 = Linux Zee Release|Any CPU
		{5B765209-8B2A-4379-8C61-CBFEA0A1BCA7}.Linux Zee Release|x86.ActiveCfg = Linux Zee Release|x86
		{5B765209-8B2A-4379-8C61-CBFEA0A1BCA7}.Linux Zee Release|x86.Build.0 = Linux Zee Release|x86
		{5B765209-8B2A-4379-8C61-CBFEA0A1BCA7}.Linux ZeePlus Release|Any CPU.ActiveCfg = Linux Zee Release|Any CPU
		{5B765209-8B2A-4379-8C61-CBFEA0A1BCA7}.Linux ZeePlus Release|Any CPU.Build.0 = Linux Zee Release|Any CPU
		{5B765209-8B2A-4379-8C61-CBFEA0A1BCA7}.Linux ZeePlus Release|x64.ActiveCfg = Linux Zee Release|Any CPU
		{5B765209-8B2A-4379-8C61-CBFEA0A1BCA7}.Linux ZeePlus Release|x64.Build.0 = Linux Zee Release|Any CPU
		{5B765209-8B2A-4379-8C61-CBFEA0A1BCA7}.Linux ZeePlus Release|x86.ActiveCfg = Linux Zee Release|x86
		{5B765209-8B2A-4379-8C61-CBFEA0A1BCA7}.Linux ZeePlus Release|x86.Build.0 = Linux Zee Release|x86
		{5B765209-8B2A-4379-8C61-CBFEA0A1BCA7}.Release|Any CPU.ActiveCfg = Release|Any CPU
		{5B765209-8B2A-4379-8C61-CBFEA0A1BCA7}.Release|Any CPU.Build.0 = Release|Any CPU
		{5B765209-8B2A-4379-8C61-CBFEA0A1BCA7}.Release|x64.ActiveCfg = Release|Any CPU
		{5B765209-8B2A-4379-8C61-CBFEA0A1BCA7}.Release|x64.Build.0 = Release|Any CPU
		{5B765209-8B2A-4379-8C61-CBFEA0A1BCA7}.Release|x86.ActiveCfg = Release|x86
		{5B765209-8B2A-4379-8C61-CBFEA0A1BCA7}.Release|x86.Build.0 = Release|x86
		{34A424D7-E065-49D7-983F-5C33584348A5}.Debug|Any CPU.ActiveCfg = Debug|Any CPU
		{34A424D7-E065-49D7-983F-5C33584348A5}.Debug|Any CPU.Build.0 = Debug|Any CPU
		{34A424D7-E065-49D7-983F-5C33584348A5}.Debug|x64.ActiveCfg = Debug|Any CPU
		{34A424D7-E065-49D7-983F-5C33584348A5}.Debug|x64.Build.0 = Debug|Any CPU
		{34A424D7-E065-49D7-983F-5C33584348A5}.Debug|x86.ActiveCfg = Debug|Any CPU
		{34A424D7-E065-49D7-983F-5C33584348A5}.Debug|x86.Build.0 = Debug|Any CPU
		{34A424D7-E065-49D7-983F-5C33584348A5}.HTZEES2|Any CPU.ActiveCfg = Release|Any CPU
		{34A424D7-E065-49D7-983F-5C33584348A5}.HTZEES2|Any CPU.Build.0 = Release|Any CPU
		{34A424D7-E065-49D7-983F-5C33584348A5}.HTZEES2|x64.ActiveCfg = Release|Any CPU
		{34A424D7-E065-49D7-983F-5C33584348A5}.HTZEES2|x64.Build.0 = Release|Any CPU
		{34A424D7-E065-49D7-983F-5C33584348A5}.HTZEES2|x86.ActiveCfg = Release|Any CPU
		{34A424D7-E065-49D7-983F-5C33584348A5}.HTZEES2|x86.Build.0 = Release|Any CPU
		{34A424D7-E065-49D7-983F-5C33584348A5}.HTZEES2ASCII|Any CPU.ActiveCfg = Release|Any CPU
		{34A424D7-E065-49D7-983F-5C33584348A5}.HTZEES2ASCII|Any CPU.Build.0 = Release|Any CPU
		{34A424D7-E065-49D7-983F-5C33584348A5}.HTZEES2ASCII|x64.ActiveCfg = Release|Any CPU
		{34A424D7-E065-49D7-983F-5C33584348A5}.HTZEES2ASCII|x64.Build.0 = Release|Any CPU
		{34A424D7-E065-49D7-983F-5C33584348A5}.HTZEES2ASCII|x86.ActiveCfg = Release|Any CPU
		{34A424D7-E065-49D7-983F-5C33584348A5}.HTZEES2ASCII|x86.Build.0 = Release|Any CPU
		{34A424D7-E065-49D7-983F-5C33584348A5}.Linux Debug|Any CPU.ActiveCfg = Debug|Any CPU
		{34A424D7-E065-49D7-983F-5C33584348A5}.Linux Debug|Any CPU.Build.0 = Debug|Any CPU
		{34A424D7-E065-49D7-983F-5C33584348A5}.Linux Debug|x64.ActiveCfg = Debug|Any CPU
		{34A424D7-E065-49D7-983F-5C33584348A5}.Linux Debug|x64.Build.0 = Debug|Any CPU
		{34A424D7-E065-49D7-983F-5C33584348A5}.Linux Debug|x86.ActiveCfg = Debug|Any CPU
		{34A424D7-E065-49D7-983F-5C33584348A5}.Linux Debug|x86.Build.0 = Debug|Any CPU
		{34A424D7-E065-49D7-983F-5C33584348A5}.Linux Release SEL|Any CPU.ActiveCfg = Release|Any CPU
		{34A424D7-E065-49D7-983F-5C33584348A5}.Linux Release SEL|Any CPU.Build.0 = Release|Any CPU
		{34A424D7-E065-49D7-983F-5C33584348A5}.Linux Release SEL|x64.ActiveCfg = Release|Any CPU
		{34A424D7-E065-49D7-983F-5C33584348A5}.Linux Release SEL|x64.Build.0 = Release|Any CPU
		{34A424D7-E065-49D7-983F-5C33584348A5}.Linux Release SEL|x86.ActiveCfg = Release|Any CPU
		{34A424D7-E065-49D7-983F-5C33584348A5}.Linux Release SEL|x86.Build.0 = Release|Any CPU
		{34A424D7-E065-49D7-983F-5C33584348A5}.Linux Release|Any CPU.ActiveCfg = Release|Any CPU
		{34A424D7-E065-49D7-983F-5C33584348A5}.Linux Release|Any CPU.Build.0 = Release|Any CPU
		{34A424D7-E065-49D7-983F-5C33584348A5}.Linux Release|x64.ActiveCfg = Release|Any CPU
		{34A424D7-E065-49D7-983F-5C33584348A5}.Linux Release|x64.Build.0 = Release|Any CPU
		{34A424D7-E065-49D7-983F-5C33584348A5}.Linux Release|x86.ActiveCfg = Release|Any CPU
		{34A424D7-E065-49D7-983F-5C33584348A5}.Linux Release|x86.Build.0 = Release|Any CPU
		{34A424D7-E065-49D7-983F-5C33584348A5}.Linux Zee Debug|Any CPU.ActiveCfg = Debug|Any CPU
		{34A424D7-E065-49D7-983F-5C33584348A5}.Linux Zee Debug|Any CPU.Build.0 = Debug|Any CPU
		{34A424D7-E065-49D7-983F-5C33584348A5}.Linux Zee Debug|x64.ActiveCfg = Debug|Any CPU
		{34A424D7-E065-49D7-983F-5C33584348A5}.Linux Zee Debug|x64.Build.0 = Debug|Any CPU
		{34A424D7-E065-49D7-983F-5C33584348A5}.Linux Zee Debug|x86.ActiveCfg = Debug|Any CPU
		{34A424D7-E065-49D7-983F-5C33584348A5}.Linux Zee Debug|x86.Build.0 = Debug|Any CPU
		{34A424D7-E065-49D7-983F-5C33584348A5}.Linux Zee Plus Release|Any CPU.ActiveCfg = Release|Any CPU
		{34A424D7-E065-49D7-983F-5C33584348A5}.Linux Zee Plus Release|Any CPU.Build.0 = Release|Any CPU
		{34A424D7-E065-49D7-983F-5C33584348A5}.Linux Zee Plus Release|x64.ActiveCfg = Release|Any CPU
		{34A424D7-E065-49D7-983F-5C33584348A5}.Linux Zee Plus Release|x64.Build.0 = Release|Any CPU
		{34A424D7-E065-49D7-983F-5C33584348A5}.Linux Zee Plus Release|x86.ActiveCfg = Release|Any CPU
		{34A424D7-E065-49D7-983F-5C33584348A5}.Linux Zee Plus Release|x86.Build.0 = Release|Any CPU
		{34A424D7-E065-49D7-983F-5C33584348A5}.Linux Zee Release ASCII|Any CPU.ActiveCfg = Release|Any CPU
		{34A424D7-E065-49D7-983F-5C33584348A5}.Linux Zee Release ASCII|Any CPU.Build.0 = Release|Any CPU
		{34A424D7-E065-49D7-983F-5C33584348A5}.Linux Zee Release ASCII|x64.ActiveCfg = Release|Any CPU
		{34A424D7-E065-49D7-983F-5C33584348A5}.Linux Zee Release ASCII|x64.Build.0 = Release|Any CPU
		{34A424D7-E065-49D7-983F-5C33584348A5}.Linux Zee Release ASCII|x86.ActiveCfg = Release|Any CPU
		{34A424D7-E065-49D7-983F-5C33584348A5}.Linux Zee Release ASCII|x86.Build.0 = Release|Any CPU
		{34A424D7-E065-49D7-983F-5C33584348A5}.Linux Zee Release|Any CPU.ActiveCfg = Release|Any CPU
		{34A424D7-E065-49D7-983F-5C33584348A5}.Linux Zee Release|Any CPU.Build.0 = Release|Any CPU
		{34A424D7-E065-49D7-983F-5C33584348A5}.Linux Zee Release|x64.ActiveCfg = Release|Any CPU
		{34A424D7-E065-49D7-983F-5C33584348A5}.Linux Zee Release|x64.Build.0 = Release|Any CPU
		{34A424D7-E065-49D7-983F-5C33584348A5}.Linux Zee Release|x86.ActiveCfg = Release|Any CPU
		{34A424D7-E065-49D7-983F-5C33584348A5}.Linux Zee Release|x86.Build.0 = Release|Any CPU
		{34A424D7-E065-49D7-983F-5C33584348A5}.Linux ZeePlus Release|Any CPU.ActiveCfg = Release|Any CPU
		{34A424D7-E065-49D7-983F-5C33584348A5}.Linux ZeePlus Release|Any CPU.Build.0 = Release|Any CPU
		{34A424D7-E065-49D7-983F-5C33584348A5}.Linux ZeePlus Release|x64.ActiveCfg = Release|Any CPU
		{34A424D7-E065-49D7-983F-5C33584348A5}.Linux ZeePlus Release|x64.Build.0 = Release|Any CPU
		{34A424D7-E065-49D7-983F-5C33584348A5}.Linux ZeePlus Release|x86.ActiveCfg = Release|Any CPU
		{34A424D7-E065-49D7-983F-5C33584348A5}.Linux ZeePlus Release|x86.Build.0 = Release|Any CPU
		{34A424D7-E065-49D7-983F-5C33584348A5}.Release|Any CPU.ActiveCfg = Release|Any CPU
		{34A424D7-E065-49D7-983F-5C33584348A5}.Release|Any CPU.Build.0 = Release|Any CPU
		{34A424D7-E065-49D7-983F-5C33584348A5}.Release|x64.ActiveCfg = Release|Any CPU
		{34A424D7-E065-49D7-983F-5C33584348A5}.Release|x64.Build.0 = Release|Any CPU
		{34A424D7-E065-49D7-983F-5C33584348A5}.Release|x86.ActiveCfg = Release|Any CPU
		{34A424D7-E065-49D7-983F-5C33584348A5}.Release|x86.Build.0 = Release|Any CPU
	EndGlobalSection
	GlobalSection(SolutionProperties) = preSolution
		HideSolutionNode = FALSE
	EndGlobalSection
EndGlobal
